// !$*UTF8*$!
{
	archiveVersion = 1;
	classes = {
	};
	objectVersion = 54;
	objects = {

/* Begin PBXBuildFile section */
		068849DD4ABF062B2222EFE6 /* View+Extension.swift in Sources */ = {isa = PBXBuildFile; fileRef = 2385DC6889989D0DEE7CE85B /* View+Extension.swift */; };
		07E9BEF2737660EFECD7DF13 /* KeluargaCemara.swift in Sources */ = {isa = PBXBuildFile; fileRef = 69F1746C102DEACC42D53C13 /* KeluargaCemara.swift */; };
		1302FF9CBF0BEA265525C1F0 /* RecommendListCardView.swift in Sources */ = {isa = PBXBuildFile; fileRef = F3AAA0D6F25BE541FF61958E /* RecommendListCardView.swift */; };
		259296D9108C41856E8ECD45 /* ARViewContainer.swift in Sources */ = {isa = PBXBuildFile; fileRef = E31E0E542D2C505BBE607611 /* ARViewContainer.swift */; };
		27A0EFEE1DFA2C7D5FDA6314 /* CustomSceneViewRepresentable.swift in Sources */ = {isa = PBXBuildFile; fileRef = BC50E77EDD87C48AD1CA488B /* CustomSceneViewRepresentable.swift */; };
		35EDEBEF3181FD17A35BD071 /* CareInfoView.swift in Sources */ = {isa = PBXBuildFile; fileRef = FF9A9C2850E2023924109DB0 /* CareInfoView.swift */; };
		422CD04809F179F338C46823 /* ResultScan.swift in Sources */ = {isa = PBXBuildFile; fileRef = A6714B95BCBD81F6FEB01B34 /* ResultScan.swift */; };
		4A9C0653DB37B3A02AD1B01A /* RecommendPlantModel.swift in Sources */ = {isa = PBXBuildFile; fileRef = E48BDD2DD952F0EA64081C97 /* RecommendPlantModel.swift */; };
		742CFA8A8CF20A4B5DB2514D /* RecommendCardView.swift in Sources */ = {isa = PBXBuildFile; fileRef = 999B900DDFB19795DFD0DBB3 /* RecommendCardView.swift */; };
		75778607CCF4C6A79DB50D6D /* Assets.xcassets in Resources */ = {isa = PBXBuildFile; fileRef = 1A1C7F87205F6EAFF566344D /* Assets.xcassets */; };
		8D314ABFD76FC234111BAC03 /* OnboardingView.swift in Sources */ = {isa = PBXBuildFile; fileRef = 1A008FBE0223F35612A812B3 /* OnboardingView.swift */; };
		8F316AD0D93B9996ED2E51C2 /* scan.usdz in Resources */ = {isa = PBXBuildFile; fileRef = D8DD4724C36C3E92495BC153 /* scan.usdz */; };
		9701624221807436EB67072A /* RoomViewRepresentable.swift in Sources */ = {isa = PBXBuildFile; fileRef = 19C3990A20AE9AE6C68AEC57 /* RoomViewRepresentable.swift */; };
		A268E63A64BD098D11F0B005 /* GeneralCostumButton.swift in Sources */ = {isa = PBXBuildFile; fileRef = 0B5CB4CA7189A491CE8B9EDB /* GeneralCostumButton.swift */; };
		A7E36F74517FA9931D52713E /* RecommendationPlantDetailView.swift in Sources */ = {isa = PBXBuildFile; fileRef = 4A95884DCA8A3753EC21FEC7 /* RecommendationPlantDetailView.swift */; };
		AA1389033CFFCE65EFABCC6F /* SheetRoomPlanView.swift in Sources */ = {isa = PBXBuildFile; fileRef = 9896FF93B09C7A9841E37BCE /* SheetRoomPlanView.swift */; };
		B4FA4EB0595EAC3E7047DB92 /* MainView.swift in Sources */ = {isa = PBXBuildFile; fileRef = DDD5DA2531686C21F022FD24 /* MainView.swift */; };
		C15F61E03027325DF54C58E3 /* Localizable.strings in Resources */ = {isa = PBXBuildFile; fileRef = E573429C0B88D007B05E313D /* Localizable.strings */; };
		C7F6E6C64077BE2F4D71FB8B /* LocationViewModel.swift in Sources */ = {isa = PBXBuildFile; fileRef = 925D064A25F82AE2D0D6ACB7 /* LocationViewModel.swift */; };
		C888F45ED4F926D2EA5FEFD1 /* SunKit in Frameworks */ = {isa = PBXBuildFile; productRef = BC0073A8DB5365695E9C4A71 /* SunKit */; };
		DDAE302237246A907B9B0A95 /* CustomSlider.swift in Sources */ = {isa = PBXBuildFile; fileRef = 2AE02A5ACD59288154403B03 /* CustomSlider.swift */; };
		DDE6932AD0A4AFCC8D2268D7 /* ViewPath.swift in Sources */ = {isa = PBXBuildFile; fileRef = E530D9B58D16A69EBDDE6ED0 /* ViewPath.swift */; };
		DFF95AFAC4E690A72A1CA87C /* RoomController.swift in Sources */ = {isa = PBXBuildFile; fileRef = 274343A1FEBD56918F49FDB7 /* RoomController.swift */; };
		E2E625D9D5982410E764D358 /* StandardButton.swift in Sources */ = {isa = PBXBuildFile; fileRef = 425A44796A30D8B99D8B0378 /* StandardButton.swift */; };
		E75D0687ED650E52818A6D85 /* PathStore.swift in Sources */ = {isa = PBXBuildFile; fileRef = AB5FAFF174BDF2961A501488 /* PathStore.swift */; };
		E803958ADD1D96CC8D9109A7 /* RecommendPlantMock.swift in Sources */ = {isa = PBXBuildFile; fileRef = AC316A6DD69158048E354C3B /* RecommendPlantMock.swift */; };
		ED2CE51331E9D023F4F9CACC /* RoomViewIteration.swift in Sources */ = {isa = PBXBuildFile; fileRef = 2AB863EB59CFE19E4CFCCD32 /* RoomViewIteration.swift */; };
		FA3110C24FA17C2589D845BF /* RecommendationPlantView.swift in Sources */ = {isa = PBXBuildFile; fileRef = 8321FF97A59B3B3D632C9993 /* RecommendationPlantView.swift */; };
/* End PBXBuildFile section */

/* Begin PBXFileReference section */
		0B5CB4CA7189A491CE8B9EDB /* GeneralCostumButton.swift */ = {isa = PBXFileReference; lastKnownFileType = sourcecode.swift; path = GeneralCostumButton.swift; sourceTree = "<group>"; };
		19C3990A20AE9AE6C68AEC57 /* RoomViewRepresentable.swift */ = {isa = PBXFileReference; lastKnownFileType = sourcecode.swift; path = RoomViewRepresentable.swift; sourceTree = "<group>"; };
		1A008FBE0223F35612A812B3 /* OnboardingView.swift */ = {isa = PBXFileReference; lastKnownFileType = sourcecode.swift; path = OnboardingView.swift; sourceTree = "<group>"; };
		1A1C7F87205F6EAFF566344D /* Assets.xcassets */ = {isa = PBXFileReference; lastKnownFileType = folder.assetcatalog; path = Assets.xcassets; sourceTree = "<group>"; };
		2385DC6889989D0DEE7CE85B /* View+Extension.swift */ = {isa = PBXFileReference; lastKnownFileType = sourcecode.swift; path = "View+Extension.swift"; sourceTree = "<group>"; };
		274343A1FEBD56918F49FDB7 /* RoomController.swift */ = {isa = PBXFileReference; lastKnownFileType = sourcecode.swift; path = RoomController.swift; sourceTree = "<group>"; };
		2AB863EB59CFE19E4CFCCD32 /* RoomViewIteration.swift */ = {isa = PBXFileReference; lastKnownFileType = sourcecode.swift; path = RoomViewIteration.swift; sourceTree = "<group>"; };
		2AE02A5ACD59288154403B03 /* CustomSlider.swift */ = {isa = PBXFileReference; lastKnownFileType = sourcecode.swift; path = CustomSlider.swift; sourceTree = "<group>"; };
		425A44796A30D8B99D8B0378 /* StandardButton.swift */ = {isa = PBXFileReference; lastKnownFileType = sourcecode.swift; path = StandardButton.swift; sourceTree = "<group>"; };
		4A95884DCA8A3753EC21FEC7 /* RecommendationPlantDetailView.swift */ = {isa = PBXFileReference; lastKnownFileType = sourcecode.swift; path = RecommendationPlantDetailView.swift; sourceTree = "<group>"; };
		5B98BDF580CF2C693CB986DE /* keluarga-cemara.app */ = {isa = PBXFileReference; includeInIndex = 0; lastKnownFileType = wrapper.application; path = "keluarga-cemara.app"; sourceTree = BUILT_PRODUCTS_DIR; };
		69F1746C102DEACC42D53C13 /* KeluargaCemara.swift */ = {isa = PBXFileReference; lastKnownFileType = sourcecode.swift; path = KeluargaCemara.swift; sourceTree = "<group>"; };
		8321FF97A59B3B3D632C9993 /* RecommendationPlantView.swift */ = {isa = PBXFileReference; lastKnownFileType = sourcecode.swift; path = RecommendationPlantView.swift; sourceTree = "<group>"; };
		925D064A25F82AE2D0D6ACB7 /* LocationViewModel.swift */ = {isa = PBXFileReference; lastKnownFileType = sourcecode.swift; path = LocationViewModel.swift; sourceTree = "<group>"; };
		9896FF93B09C7A9841E37BCE /* SheetRoomPlanView.swift */ = {isa = PBXFileReference; lastKnownFileType = sourcecode.swift; path = SheetRoomPlanView.swift; sourceTree = "<group>"; };
		999B900DDFB19795DFD0DBB3 /* RecommendCardView.swift */ = {isa = PBXFileReference; lastKnownFileType = sourcecode.swift; path = RecommendCardView.swift; sourceTree = "<group>"; };
		A6714B95BCBD81F6FEB01B34 /* ResultScan.swift */ = {isa = PBXFileReference; lastKnownFileType = sourcecode.swift; path = ResultScan.swift; sourceTree = "<group>"; };
		AB5FAFF174BDF2961A501488 /* PathStore.swift */ = {isa = PBXFileReference; lastKnownFileType = sourcecode.swift; path = PathStore.swift; sourceTree = "<group>"; };
		AC316A6DD69158048E354C3B /* RecommendPlantMock.swift */ = {isa = PBXFileReference; lastKnownFileType = sourcecode.swift; path = RecommendPlantMock.swift; sourceTree = "<group>"; };
		BC50E77EDD87C48AD1CA488B /* CustomSceneViewRepresentable.swift */ = {isa = PBXFileReference; lastKnownFileType = sourcecode.swift; path = CustomSceneViewRepresentable.swift; sourceTree = "<group>"; };
		D8DD4724C36C3E92495BC153 /* scan.usdz */ = {isa = PBXFileReference; lastKnownFileType = file.usdz; path = scan.usdz; sourceTree = "<group>"; };
		DDD5DA2531686C21F022FD24 /* MainView.swift */ = {isa = PBXFileReference; lastKnownFileType = sourcecode.swift; path = MainView.swift; sourceTree = "<group>"; };
		E31E0E542D2C505BBE607611 /* ARViewContainer.swift */ = {isa = PBXFileReference; lastKnownFileType = sourcecode.swift; path = ARViewContainer.swift; sourceTree = "<group>"; };
		E48BDD2DD952F0EA64081C97 /* RecommendPlantModel.swift */ = {isa = PBXFileReference; lastKnownFileType = sourcecode.swift; path = RecommendPlantModel.swift; sourceTree = "<group>"; };
		E530D9B58D16A69EBDDE6ED0 /* ViewPath.swift */ = {isa = PBXFileReference; lastKnownFileType = sourcecode.swift; path = ViewPath.swift; sourceTree = "<group>"; };
		E573429C0B88D007B05E313D /* Localizable.strings */ = {isa = PBXFileReference; lastKnownFileType = text.plist.strings; path = Localizable.strings; sourceTree = "<group>"; };
		F3AAA0D6F25BE541FF61958E /* RecommendListCardView.swift */ = {isa = PBXFileReference; lastKnownFileType = sourcecode.swift; path = RecommendListCardView.swift; sourceTree = "<group>"; };
		F6902F3302358E45A5D1FF55 /* Info.plist */ = {isa = PBXFileReference; lastKnownFileType = text.plist; path = Info.plist; sourceTree = "<group>"; };
		FF9A9C2850E2023924109DB0 /* CareInfoView.swift */ = {isa = PBXFileReference; lastKnownFileType = sourcecode.swift; path = CareInfoView.swift; sourceTree = "<group>"; };
/* End PBXFileReference section */

/* Begin PBXFrameworksBuildPhase section */
		15A2242808A2CB0A0452F908 /* Frameworks */ = {
			isa = PBXFrameworksBuildPhase;
			buildActionMask = 2147483647;
			files = (
				C888F45ED4F926D2EA5FEFD1 /* SunKit in Frameworks */,
			);
			runOnlyForDeploymentPostprocessing = 0;
		};
/* End PBXFrameworksBuildPhase section */

/* Begin PBXGroup section */
		112CB2F50F220192912750C4 /* View */ = {
			isa = PBXGroup;
			children = (
				DDD5DA2531686C21F022FD24 /* MainView.swift */,
				50D5B1F7E3264102DA6F1F10 /* Onboarding */,
			);
			path = View;
			sourceTree = "<group>";
		};
		15E6FAC4C1E602B9EBF23012 /* Products */ = {
			isa = PBXGroup;
			children = (
				5B98BDF580CF2C693CB986DE /* keluarga-cemara.app */,
			);
			name = Products;
			sourceTree = "<group>";
		};
		264D2FB37A0B7665041B6669 /* Core */ = {
			isa = PBXGroup;
			children = (
				112CB2F50F220192912750C4 /* View */,
			);
			path = Core;
			sourceTree = "<group>";
		};
		2EA797C43BB134F31B641504 /* RecomendationPlantFeature */ = {
			isa = PBXGroup;
			children = (
				5DBC060AD42E06C4386CA123 /* Component */,
				55382C365E991895DBE5D350 /* Model */,
				8D49156D12B7A103C052A149 /* View */,
			);
			path = RecomendationPlantFeature;
			sourceTree = "<group>";
		};
		374F5ADB8AB92D1AAAC1E98A /* keluarga-cemara */ = {
			isa = PBXGroup;
			children = (
				1A1C7F87205F6EAFF566344D /* Assets.xcassets */,
				F6902F3302358E45A5D1FF55 /* Info.plist */,
				69F1746C102DEACC42D53C13 /* KeluargaCemara.swift */,
				E573429C0B88D007B05E313D /* Localizable.strings */,
				D8DD4724C36C3E92495BC153 /* scan.usdz */,
				C81CCCB5A258069005864254 /* ARFeature */,
				264D2FB37A0B7665041B6669 /* Core */,
				D1E0039F13C8DF17D5917A4E /* Extensions */,
				2EA797C43BB134F31B641504 /* RecomendationPlantFeature */,
				811F76576D037FDC0D09010E /* RoomPlanFeature */,
				D456F300E18C1702EE82BED8 /* Routings */,
			);
			path = "keluarga-cemara";
			sourceTree = "<group>";
		};
		50D5B1F7E3264102DA6F1F10 /* Onboarding */ = {
			isa = PBXGroup;
			children = (
				1A008FBE0223F35612A812B3 /* OnboardingView.swift */,
			);
			path = Onboarding;
			sourceTree = "<group>";
		};
		55382C365E991895DBE5D350 /* Model */ = {
			isa = PBXGroup;
			children = (
				AC316A6DD69158048E354C3B /* RecommendPlantMock.swift */,
				E48BDD2DD952F0EA64081C97 /* RecommendPlantModel.swift */,
			);
			path = Model;
			sourceTree = "<group>";
		};
		58146BA1479745946190077F /* View */ = {
			isa = PBXGroup;
			children = (
				BC50E77EDD87C48AD1CA488B /* CustomSceneViewRepresentable.swift */,
				A6714B95BCBD81F6FEB01B34 /* ResultScan.swift */,
				2AB863EB59CFE19E4CFCCD32 /* RoomViewIteration.swift */,
				19C3990A20AE9AE6C68AEC57 /* RoomViewRepresentable.swift */,
			);
			path = View;
			sourceTree = "<group>";
		};
		5DBC060AD42E06C4386CA123 /* Component */ = {
			isa = PBXGroup;
			children = (
				FF9A9C2850E2023924109DB0 /* CareInfoView.swift */,
				999B900DDFB19795DFD0DBB3 /* RecommendCardView.swift */,
				F3AAA0D6F25BE541FF61958E /* RecommendListCardView.swift */,
			);
			path = Component;
			sourceTree = "<group>";
		};
		811F76576D037FDC0D09010E /* RoomPlanFeature */ = {
			isa = PBXGroup;
			children = (
				8F438E14D0D04C1636565E4B /* Component */,
				58146BA1479745946190077F /* View */,
				D0C46B91B0BDB80C82ADF5FB /* ViewModel */,
			);
			path = RoomPlanFeature;
			sourceTree = "<group>";
		};
		8D49156D12B7A103C052A149 /* View */ = {
			isa = PBXGroup;
			children = (
				4A95884DCA8A3753EC21FEC7 /* RecommendationPlantDetailView.swift */,
				8321FF97A59B3B3D632C9993 /* RecommendationPlantView.swift */,
			);
			path = View;
			sourceTree = "<group>";
		};
		8F438E14D0D04C1636565E4B /* Component */ = {
			isa = PBXGroup;
			children = (
				2AE02A5ACD59288154403B03 /* CustomSlider.swift */,
				9896FF93B09C7A9841E37BCE /* SheetRoomPlanView.swift */,
			);
			path = Component;
			sourceTree = "<group>";
		};
		B88A8A856A81FB5DACB27189 = {
			isa = PBXGroup;
			children = (
				374F5ADB8AB92D1AAAC1E98A /* keluarga-cemara */,
				15E6FAC4C1E602B9EBF23012 /* Products */,
			);
			sourceTree = "<group>";
		};
		C81CCCB5A258069005864254 /* ARFeature */ = {
			isa = PBXGroup;
			children = (
				E31E0E542D2C505BBE607611 /* ARViewContainer.swift */,
			);
			path = ARFeature;
			sourceTree = "<group>";
		};
		D0C46B91B0BDB80C82ADF5FB /* ViewModel */ = {
			isa = PBXGroup;
			children = (
				925D064A25F82AE2D0D6ACB7 /* LocationViewModel.swift */,
				274343A1FEBD56918F49FDB7 /* RoomController.swift */,
			);
			path = ViewModel;
			sourceTree = "<group>";
		};
		D1E0039F13C8DF17D5917A4E /* Extensions */ = {
			isa = PBXGroup;
			children = (
				0B5CB4CA7189A491CE8B9EDB /* GeneralCostumButton.swift */,
				425A44796A30D8B99D8B0378 /* StandardButton.swift */,
				2385DC6889989D0DEE7CE85B /* View+Extension.swift */,
			);
			path = Extensions;
			sourceTree = "<group>";
		};
		D456F300E18C1702EE82BED8 /* Routings */ = {
			isa = PBXGroup;
			children = (
				AB5FAFF174BDF2961A501488 /* PathStore.swift */,
				E530D9B58D16A69EBDDE6ED0 /* ViewPath.swift */,
			);
			path = Routings;
			sourceTree = "<group>";
		};
/* End PBXGroup section */

/* Begin PBXNativeTarget section */
		2DA4549E1D2FD20002362EE4 /* keluarga-cemara */ = {
			isa = PBXNativeTarget;
			buildConfigurationList = 8572FA1B77566D1C97E3222F /* Build configuration list for PBXNativeTarget "keluarga-cemara" */;
			buildPhases = (
				03083704FD1E1C3281424D1C /* Sources */,
				1D30A655599490395F66AA86 /* Resources */,
				15A2242808A2CB0A0452F908 /* Frameworks */,
			);
			buildRules = (
			);
			dependencies = (
			);
			name = "keluarga-cemara";
			packageProductDependencies = (
				BC0073A8DB5365695E9C4A71 /* SunKit */,
			);
			productName = "keluarga-cemara";
			productReference = 5B98BDF580CF2C693CB986DE /* keluarga-cemara.app */;
			productType = "com.apple.product-type.application";
		};
/* End PBXNativeTarget section */

/* Begin PBXProject section */
		75C69FAC0DC5678D82E18A7B /* Project object */ = {
			isa = PBXProject;
			attributes = {
				BuildIndependentTargetsInParallel = YES;
				LastUpgradeCheck = 1430;
				TargetAttributes = {
				};
			};
			buildConfigurationList = 5E372D79759C333F5982CE6D /* Build configuration list for PBXProject "keluarga-cemara" */;
			compatibilityVersion = "Xcode 14.0";
			developmentRegion = en;
			hasScannedForEncodings = 0;
			knownRegions = (
				Base,
				en,
			);
			mainGroup = B88A8A856A81FB5DACB27189;
			packageReferences = (
				82D61DC32D51A2B17F65EF62 /* XCRemoteSwiftPackageReference "SunKit" */,
			);
			projectDirPath = "";
			projectRoot = "";
			targets = (
				2DA4549E1D2FD20002362EE4 /* keluarga-cemara */,
			);
		};
/* End PBXProject section */

/* Begin PBXResourcesBuildPhase section */
		1D30A655599490395F66AA86 /* Resources */ = {
			isa = PBXResourcesBuildPhase;
			buildActionMask = 2147483647;
			files = (
				75778607CCF4C6A79DB50D6D /* Assets.xcassets in Resources */,
				C15F61E03027325DF54C58E3 /* Localizable.strings in Resources */,
				8F316AD0D93B9996ED2E51C2 /* scan.usdz in Resources */,
			);
			runOnlyForDeploymentPostprocessing = 0;
		};
/* End PBXResourcesBuildPhase section */

/* Begin PBXSourcesBuildPhase section */
		03083704FD1E1C3281424D1C /* Sources */ = {
			isa = PBXSourcesBuildPhase;
			buildActionMask = 2147483647;
			files = (
				259296D9108C41856E8ECD45 /* ARViewContainer.swift in Sources */,
				35EDEBEF3181FD17A35BD071 /* CareInfoView.swift in Sources */,
				27A0EFEE1DFA2C7D5FDA6314 /* CustomSceneViewRepresentable.swift in Sources */,
				DDAE302237246A907B9B0A95 /* CustomSlider.swift in Sources */,
				A268E63A64BD098D11F0B005 /* GeneralCostumButton.swift in Sources */,
				07E9BEF2737660EFECD7DF13 /* KeluargaCemara.swift in Sources */,
				C7F6E6C64077BE2F4D71FB8B /* LocationViewModel.swift in Sources */,
				B4FA4EB0595EAC3E7047DB92 /* MainView.swift in Sources */,
				8D314ABFD76FC234111BAC03 /* OnboardingView.swift in Sources */,
				E75D0687ED650E52818A6D85 /* PathStore.swift in Sources */,
				742CFA8A8CF20A4B5DB2514D /* RecommendCardView.swift in Sources */,
				1302FF9CBF0BEA265525C1F0 /* RecommendListCardView.swift in Sources */,
				E803958ADD1D96CC8D9109A7 /* RecommendPlantMock.swift in Sources */,
				4A9C0653DB37B3A02AD1B01A /* RecommendPlantModel.swift in Sources */,
				A7E36F74517FA9931D52713E /* RecommendationPlantDetailView.swift in Sources */,
				FA3110C24FA17C2589D845BF /* RecommendationPlantView.swift in Sources */,
				422CD04809F179F338C46823 /* ResultScan.swift in Sources */,
				DFF95AFAC4E690A72A1CA87C /* RoomController.swift in Sources */,
				ED2CE51331E9D023F4F9CACC /* RoomViewIteration.swift in Sources */,
				9701624221807436EB67072A /* RoomViewRepresentable.swift in Sources */,
				AA1389033CFFCE65EFABCC6F /* SheetRoomPlanView.swift in Sources */,
				E2E625D9D5982410E764D358 /* StandardButton.swift in Sources */,
				068849DD4ABF062B2222EFE6 /* View+Extension.swift in Sources */,
				DDE6932AD0A4AFCC8D2268D7 /* ViewPath.swift in Sources */,
			);
			runOnlyForDeploymentPostprocessing = 0;
		};
/* End PBXSourcesBuildPhase section */

/* Begin XCBuildConfiguration section */
		7DD7D0993F369473758548F6 /* Debug */ = {
			isa = XCBuildConfiguration;
			buildSettings = {
				ALWAYS_SEARCH_USER_PATHS = NO;
				CLANG_ANALYZER_NONNULL = YES;
				CLANG_ANALYZER_NUMBER_OBJECT_CONVERSION = YES_AGGRESSIVE;
				CLANG_CXX_LANGUAGE_STANDARD = "gnu++14";
				CLANG_CXX_LIBRARY = "libc++";
				CLANG_ENABLE_MODULES = YES;
				CLANG_ENABLE_OBJC_ARC = YES;
				CLANG_ENABLE_OBJC_WEAK = YES;
				CLANG_WARN_BLOCK_CAPTURE_AUTORELEASING = YES;
				CLANG_WARN_BOOL_CONVERSION = YES;
				CLANG_WARN_COMMA = YES;
				CLANG_WARN_CONSTANT_CONVERSION = YES;
				CLANG_WARN_DEPRECATED_OBJC_IMPLEMENTATIONS = YES;
				CLANG_WARN_DIRECT_OBJC_ISA_USAGE = YES_ERROR;
				CLANG_WARN_DOCUMENTATION_COMMENTS = YES;
				CLANG_WARN_EMPTY_BODY = YES;
				CLANG_WARN_ENUM_CONVERSION = YES;
				CLANG_WARN_INFINITE_RECURSION = YES;
				CLANG_WARN_INT_CONVERSION = YES;
				CLANG_WARN_NON_LITERAL_NULL_CONVERSION = YES;
				CLANG_WARN_OBJC_IMPLICIT_RETAIN_SELF = YES;
				CLANG_WARN_OBJC_LITERAL_CONVERSION = YES;
				CLANG_WARN_OBJC_ROOT_CLASS = YES_ERROR;
				CLANG_WARN_QUOTED_INCLUDE_IN_FRAMEWORK_HEADER = YES;
				CLANG_WARN_RANGE_LOOP_ANALYSIS = YES;
				CLANG_WARN_STRICT_PROTOTYPES = YES;
				CLANG_WARN_SUSPICIOUS_MOVE = YES;
				CLANG_WARN_UNGUARDED_AVAILABILITY = YES_AGGRESSIVE;
				CLANG_WARN_UNREACHABLE_CODE = YES;
				CLANG_WARN__DUPLICATE_METHOD_MATCH = YES;
				COPY_PHASE_STRIP = NO;
				DEBUG_INFORMATION_FORMAT = dwarf;
				ENABLE_STRICT_OBJC_MSGSEND = YES;
				ENABLE_TESTABILITY = YES;
				GCC_C_LANGUAGE_STANDARD = gnu11;
				GCC_DYNAMIC_NO_PIC = NO;
				GCC_NO_COMMON_BLOCKS = YES;
				GCC_OPTIMIZATION_LEVEL = 0;
				GCC_PREPROCESSOR_DEFINITIONS = (
					"$(inherited)",
					"DEBUG=1",
				);
				GCC_WARN_64_TO_32_BIT_CONVERSION = YES;
				GCC_WARN_ABOUT_RETURN_TYPE = YES_ERROR;
				GCC_WARN_UNDECLARED_SELECTOR = YES;
				GCC_WARN_UNINITIALIZED_AUTOS = YES_AGGRESSIVE;
				GCC_WARN_UNUSED_FUNCTION = YES;
				GCC_WARN_UNUSED_VARIABLE = YES;
				MTL_ENABLE_DEBUG_INFO = INCLUDE_SOURCE;
				MTL_FAST_MATH = YES;
				ONLY_ACTIVE_ARCH = YES;
				PRODUCT_NAME = "$(TARGET_NAME)";
				SDKROOT = iphoneos;
				SWIFT_ACTIVE_COMPILATION_CONDITIONS = DEBUG;
				SWIFT_OPTIMIZATION_LEVEL = "-Onone";
				SWIFT_VERSION = 5.0;
			};
			name = Debug;
		};
		8343FE919173428B2B66B560 /* Debug */ = {
			isa = XCBuildConfiguration;
			buildSettings = {
				ASSETCATALOG_COMPILER_APPICON_NAME = AppIcon;
				CODE_SIGN_IDENTITY = "iPhone Developer";
				INFOPLIST_FILE = "keluarga-cemara/Info.plist";
				IPHONEOS_DEPLOYMENT_TARGET = 17.0;
				LD_RUNPATH_SEARCH_PATHS = (
					"$(inherited)",
					"@executable_path/Frameworks",
				);
				PRODUCT_BUNDLE_IDENTIFIER = "com.cemara.keluarga-cemara";
				SDKROOT = iphoneos;
				TARGETED_DEVICE_FAMILY = "1,2";
			};
			name = Debug;
		};
		AE9CD538A5377507FC7B648C /* Release */ = {
			isa = XCBuildConfiguration;
			buildSettings = {
				ASSETCATALOG_COMPILER_APPICON_NAME = AppIcon;
				CODE_SIGN_IDENTITY = "iPhone Developer";
				INFOPLIST_FILE = "keluarga-cemara/Info.plist";
				IPHONEOS_DEPLOYMENT_TARGET = 17.0;
				LD_RUNPATH_SEARCH_PATHS = (
					"$(inherited)",
					"@executable_path/Frameworks",
				);
				PRODUCT_BUNDLE_IDENTIFIER = "com.cemara.keluarga-cemara";
				SDKROOT = iphoneos;
				TARGETED_DEVICE_FAMILY = "1,2";
			};
			name = Release;
		};
		BEFFBB8612CF2994666C33CD /* Release */ = {
			isa = XCBuildConfiguration;
			buildSettings = {
				ALWAYS_SEARCH_USER_PATHS = NO;
				CLANG_ANALYZER_NONNULL = YES;
				CLANG_ANALYZER_NUMBER_OBJECT_CONVERSION = YES_AGGRESSIVE;
				CLANG_CXX_LANGUAGE_STANDARD = "gnu++14";
				CLANG_CXX_LIBRARY = "libc++";
				CLANG_ENABLE_MODULES = YES;
				CLANG_ENABLE_OBJC_ARC = YES;
				CLANG_ENABLE_OBJC_WEAK = YES;
				CLANG_WARN_BLOCK_CAPTURE_AUTORELEASING = YES;
				CLANG_WARN_BOOL_CONVERSION = YES;
				CLANG_WARN_COMMA = YES;
				CLANG_WARN_CONSTANT_CONVERSION = YES;
				CLANG_WARN_DEPRECATED_OBJC_IMPLEMENTATIONS = YES;
				CLANG_WARN_DIRECT_OBJC_ISA_USAGE = YES_ERROR;
				CLANG_WARN_DOCUMENTATION_COMMENTS = YES;
				CLANG_WARN_EMPTY_BODY = YES;
				CLANG_WARN_ENUM_CONVERSION = YES;
				CLANG_WARN_INFINITE_RECURSION = YES;
				CLANG_WARN_INT_CONVERSION = YES;
				CLANG_WARN_NON_LITERAL_NULL_CONVERSION = YES;
				CLANG_WARN_OBJC_IMPLICIT_RETAIN_SELF = YES;
				CLANG_WARN_OBJC_LITERAL_CONVERSION = YES;
				CLANG_WARN_OBJC_ROOT_CLASS = YES_ERROR;
				CLANG_WARN_QUOTED_INCLUDE_IN_FRAMEWORK_HEADER = YES;
				CLANG_WARN_RANGE_LOOP_ANALYSIS = YES;
				CLANG_WARN_STRICT_PROTOTYPES = YES;
				CLANG_WARN_SUSPICIOUS_MOVE = YES;
				CLANG_WARN_UNGUARDED_AVAILABILITY = YES_AGGRESSIVE;
				CLANG_WARN_UNREACHABLE_CODE = YES;
				CLANG_WARN__DUPLICATE_METHOD_MATCH = YES;
				COPY_PHASE_STRIP = NO;
				DEBUG_INFORMATION_FORMAT = "dwarf-with-dsym";
				ENABLE_NS_ASSERTIONS = NO;
				ENABLE_STRICT_OBJC_MSGSEND = YES;
				GCC_C_LANGUAGE_STANDARD = gnu11;
				GCC_NO_COMMON_BLOCKS = YES;
				GCC_WARN_64_TO_32_BIT_CONVERSION = YES;
				GCC_WARN_ABOUT_RETURN_TYPE = YES_ERROR;
				GCC_WARN_UNDECLARED_SELECTOR = YES;
				GCC_WARN_UNINITIALIZED_AUTOS = YES_AGGRESSIVE;
				GCC_WARN_UNUSED_FUNCTION = YES;
				GCC_WARN_UNUSED_VARIABLE = YES;
				MTL_ENABLE_DEBUG_INFO = NO;
				MTL_FAST_MATH = YES;
				PRODUCT_NAME = "$(TARGET_NAME)";
				SDKROOT = iphoneos;
				SWIFT_COMPILATION_MODE = wholemodule;
				SWIFT_OPTIMIZATION_LEVEL = "-O";
				SWIFT_VERSION = 5.0;
			};
			name = Release;
		};
/* End XCBuildConfiguration section */

/* Begin XCConfigurationList section */
		5E372D79759C333F5982CE6D /* Build configuration list for PBXProject "keluarga-cemara" */ = {
			isa = XCConfigurationList;
			buildConfigurations = (
				7DD7D0993F369473758548F6 /* Debug */,
				BEFFBB8612CF2994666C33CD /* Release */,
			);
			defaultConfigurationIsVisible = 0;
			defaultConfigurationName = Debug;
		};
		8572FA1B77566D1C97E3222F /* Build configuration list for PBXNativeTarget "keluarga-cemara" */ = {
			isa = XCConfigurationList;
			buildConfigurations = (
				8343FE919173428B2B66B560 /* Debug */,
				AE9CD538A5377507FC7B648C /* Release */,
			);
			defaultConfigurationIsVisible = 0;
			defaultConfigurationName = Debug;
		};
/* End XCConfigurationList section */

/* Begin XCRemoteSwiftPackageReference section */
		82D61DC32D51A2B17F65EF62 /* XCRemoteSwiftPackageReference "SunKit" */ = {
			isa = XCRemoteSwiftPackageReference;
			repositoryURL = "https://github.com/Sunlitt/SunKit";
			requirement = {
				kind = upToNextMajorVersion;
				minimumVersion = 2.7.0;
			};
		};
/* End XCRemoteSwiftPackageReference section */

/* Begin XCSwiftPackageProductDependency section */
		BC0073A8DB5365695E9C4A71 /* SunKit */ = {
			isa = XCSwiftPackageProductDependency;
			package = 82D61DC32D51A2B17F65EF62 /* XCRemoteSwiftPackageReference "SunKit" */;
			productName = SunKit;
		};
/* End XCSwiftPackageProductDependency section */
	};
	rootObject = 75C69FAC0DC5678D82E18A7B /* Project object */;
}
