// !$*UTF8*$!
{
	archiveVersion = 1;
	classes = {
	};
	objectVersion = 54;
	objects = {

/* Begin PBXBuildFile section */
		048D97906A8735FFAF6E370E /* InstructionView.swift in Sources */ = {isa = PBXBuildFile; fileRef = 7CCE1A4FDD94AADE007731D5 /* InstructionView.swift */; };
		068849DD4ABF062B2222EFE6 /* View+Extension.swift in Sources */ = {isa = PBXBuildFile; fileRef = 2385DC6889989D0DEE7CE85B /* View+Extension.swift */; };
		07133D90265CA39F5EE29AD8 /* LightFeatures.swift in Sources */ = {isa = PBXBuildFile; fileRef = 404A38E9BC6EF2E1892D41A9 /* LightFeatures.swift */; };
		07E9BEF2737660EFECD7DF13 /* KeluargaCemara.swift in Sources */ = {isa = PBXBuildFile; fileRef = 69F1746C102DEACC42D53C13 /* KeluargaCemara.swift */; };
		1302FF9CBF0BEA265525C1F0 /* RecommendListCardView.swift in Sources */ = {isa = PBXBuildFile; fileRef = F3AAA0D6F25BE541FF61958E /* RecommendListCardView.swift */; };
		14B694B715DF2CC6E6D7D375 /* PhysicallyBasedMaterial.swift in Sources */ = {isa = PBXBuildFile; fileRef = 026307A45329955EA38D5230 /* PhysicallyBasedMaterial.swift */; };
		18EB10FDDBACD1B772ECEA07 /* Light.swift in Sources */ = {isa = PBXBuildFile; fileRef = 32C12F34E7039A586262B39F /* Light.swift */; };
		1E22080596F2D62F52F9552F /* marble3.jpg in Resources */ = {isa = PBXBuildFile; fileRef = 6CDBA62C4FAA55A4ADAF69A6 /* marble3.jpg */; };
		1E4FA505A84E73239E43C44A /* ARView.swift in Sources */ = {isa = PBXBuildFile; fileRef = E1C56239B35F22CD97C40D51 /* ARView.swift */; };
		24CA336A5BBC6BE9D28E5EB6 /* room.usdz in Resources */ = {isa = PBXBuildFile; fileRef = 3329213169562DF49F3EFFC2 /* room.usdz */; };
		259296D9108C41856E8ECD45 /* ARViewContainer.swift in Sources */ = {isa = PBXBuildFile; fileRef = E31E0E542D2C505BBE607611 /* ARViewContainer.swift */; };
		27A0EFEE1DFA2C7D5FDA6314 /* CustomSceneViewRepresentable.swift in Sources */ = {isa = PBXBuildFile; fileRef = BC50E77EDD87C48AD1CA488B /* CustomSceneViewRepresentable.swift */; };
		2A855B7F3AD438C9ED566AB7 /* Object.swift in Sources */ = {isa = PBXBuildFile; fileRef = C337683773D84A6EBC30C0F9 /* Object.swift */; };
		2D7F3D3A775751D89C5089D7 /* marble2.jpg in Resources */ = {isa = PBXBuildFile; fileRef = 41802F3ECE01A08CBFC1FBD3 /* marble2.jpg */; };
		2F94DC10698EEC45A00D2ACF /* floor-normal.png in Resources */ = {isa = PBXBuildFile; fileRef = 3A9A4873EF8AAE7C10AE5BAE /* floor-normal.png */; };
		359E3DE025DB61C7276D42AE /* ItemInstruction.swift in Sources */ = {isa = PBXBuildFile; fileRef = 71CDB316551EE65EA2BDD602 /* ItemInstruction.swift */; };
		35EDEBEF3181FD17A35BD071 /* CareInfoView.swift in Sources */ = {isa = PBXBuildFile; fileRef = FF9A9C2850E2023924109DB0 /* CareInfoView.swift */; };
		397D7627DA4850A2155E0795 /* ColladaLoader.swift in Sources */ = {isa = PBXBuildFile; fileRef = 3A1207CFDD418945D8B12551 /* ColladaLoader.swift */; };
		3B3248AA9CD57CC699A5B631 /* cement-metalness.png in Resources */ = {isa = PBXBuildFile; fileRef = DDA365E84E3CE01FDFD14F58 /* cement-metalness.png */; };
		3B358BCE67C8B6F8D157DE33 /* floor.jpg in Resources */ = {isa = PBXBuildFile; fileRef = 4F59FAB510B7E58BDDA917A1 /* floor.jpg */; };
		422CD04809F179F338C46823 /* ResultScan.swift in Sources */ = {isa = PBXBuildFile; fileRef = A6714B95BCBD81F6FEB01B34 /* ResultScan.swift */; };
		43F9C67ECAA9DF2C8CAD9561 /* marble1.jpg in Resources */ = {isa = PBXBuildFile; fileRef = F8B608BF066B48881C36A735 /* marble1.jpg */; };
		4A9C0653DB37B3A02AD1B01A /* RecommendPlantModel.swift in Sources */ = {isa = PBXBuildFile; fileRef = E48BDD2DD952F0EA64081C97 /* RecommendPlantModel.swift */; };
		4BDEE100496918A8432DB72E /* MeshLoader.swift in Sources */ = {isa = PBXBuildFile; fileRef = 59FD5E9AFD7CAEF55DA2E194 /* MeshLoader.swift */; };
		4CD32B709687C583390CF161 /* PhysicallyBasedLight.swift in Sources */ = {isa = PBXBuildFile; fileRef = 23DC234A4402A50E4CEB41A2 /* PhysicallyBasedLight.swift */; };
		4E28BB512A20C266F90DD0C1 /* leftPBR.png in Resources */ = {isa = PBXBuildFile; fileRef = 7A3A5B85B6793334342F07BD /* leftPBR.png */; };
		51BA75D8AE37FEA22F218C6B /* DashedLineVertical.swift in Sources */ = {isa = PBXBuildFile; fileRef = 57F4C7AF960C3DA51928AAAC /* DashedLineVertical.swift */; };
		51F0F8FC17D39B6744C197FF /* cement-diffuse.png in Resources */ = {isa = PBXBuildFile; fileRef = 2FE60050B80A5A9DF9386969 /* cement-diffuse.png */; };
		5C9F9D12632A5E6A33D93D64 /* pool.jpg in Resources */ = {isa = PBXBuildFile; fileRef = 52D1D2930C098F294C1593EF /* pool.jpg */; };
		5CE2E149D7C437419786800C /* front.png in Resources */ = {isa = PBXBuildFile; fileRef = 6D69312619798D0CB6B82C9D /* front.png */; };
		5D6CFDD3A2A0C5FFC4B89F23 /* Int+Random.swift in Sources */ = {isa = PBXBuildFile; fileRef = 7F6B8ECEBCA33F5FDBD2CF22 /* Int+Random.swift */; };
		5D74B71062891EE1EEEB6685 /* rustediron-diffuse.png in Resources */ = {isa = PBXBuildFile; fileRef = F838BD83DBAB3160FBB87B38 /* rustediron-diffuse.png */; };
		66B7198226F8937D0077FB73 /* downPBR.png in Resources */ = {isa = PBXBuildFile; fileRef = B24760ED3D7641736C5462E0 /* downPBR.png */; };
		742CFA8A8CF20A4B5DB2514D /* RecommendCardView.swift in Sources */ = {isa = PBXBuildFile; fileRef = 999B900DDFB19795DFD0DBB3 /* RecommendCardView.swift */; };
		74A63A7A0E07651D4E9FF5FF /* floor-diffuse.png in Resources */ = {isa = PBXBuildFile; fileRef = 12C71054755E58EB10D977D6 /* floor-diffuse.png */; };
		75778607CCF4C6A79DB50D6D /* Assets.xcassets in Resources */ = {isa = PBXBuildFile; fileRef = 1A1C7F87205F6EAFF566344D /* Assets.xcassets */; };
		79DCACAA6932FF3BBD3678E1 /* copper-metalness.png in Resources */ = {isa = PBXBuildFile; fileRef = 2D55FCAB25AF00C757C482D3 /* copper-metalness.png */; };
		8036895B483CF67227FFABCD /* back.png in Resources */ = {isa = PBXBuildFile; fileRef = 8F5C649FD7B9AB7917D2C21C /* back.png */; };
		87B27447215B5910DD852F9F /* copper-normal.png in Resources */ = {isa = PBXBuildFile; fileRef = 8F295173AA9091D32B9C5051 /* copper-normal.png */; };
		8BF0D059EB2EA892D10DD2F4 /* right.png in Resources */ = {isa = PBXBuildFile; fileRef = 997EC4E6684FCDD41B01AE10 /* right.png */; };
		8D314ABFD76FC234111BAC03 /* OnboardingView.swift in Sources */ = {isa = PBXBuildFile; fileRef = 1A008FBE0223F35612A812B3 /* OnboardingView.swift */; };
		8ECA4E20204A975B7FA1FA69 /* rustediron-normal.png in Resources */ = {isa = PBXBuildFile; fileRef = 4B65B179AF915ED71A26A3F6 /* rustediron-normal.png */; };
		8ED5DC2BF0D4BF42AC5882F1 /* floor-metalness.png in Resources */ = {isa = PBXBuildFile; fileRef = 29CFB1F56E1A9C6F9EBADDE8 /* floor-metalness.png */; };
		8F316AD0D93B9996ED2E51C2 /* scan.usdz in Resources */ = {isa = PBXBuildFile; fileRef = D8DD4724C36C3E92495BC153 /* scan.usdz */; };
		90C8BB6F3A0202E66719253D /* SliderView.swift in Sources */ = {isa = PBXBuildFile; fileRef = 3050D60B60090F947C39747E /* SliderView.swift */; };
		91B59C13C8DF1030DB966AB9 /* rightPBR.png in Resources */ = {isa = PBXBuildFile; fileRef = F20EC2AE6AA21ADDD22BFE7C /* rightPBR.png */; };
		9701624221807436EB67072A /* RoomViewRepresentable.swift in Sources */ = {isa = PBXBuildFile; fileRef = 19C3990A20AE9AE6C68AEC57 /* RoomViewRepresentable.swift */; };
		98EB4F77612094997BA2C32E /* Floor.obj in Resources */ = {isa = PBXBuildFile; fileRef = 2FDB23D21585BAB32F61096B /* Floor.obj */; };
		9A3FFF29AE57499C8DE66CE3 /* checked1.jpg in Resources */ = {isa = PBXBuildFile; fileRef = BA1546D96A41C64CAA3F814D /* checked1.jpg */; };
		9BA9B353699E69B5F16B9FB6 /* art.scnassets in Resources */ = {isa = PBXBuildFile; fileRef = F8350CE09A09D732B7CA805E /* art.scnassets */; };
		A2073C61444C56A6D18FBFC7 /* up.png in Resources */ = {isa = PBXBuildFile; fileRef = B1D009A76156643ED0A9AF7D /* up.png */; };
		A268E63A64BD098D11F0B005 /* GeneralCostumButton.swift in Sources */ = {isa = PBXBuildFile; fileRef = 0B5CB4CA7189A491CE8B9EDB /* GeneralCostumButton.swift */; };
		A5FC4C2CD85CDC9AF02C4B63 /* backPBR.png in Resources */ = {isa = PBXBuildFile; fileRef = D80E44B9B64308818A4F0D47 /* backPBR.png */; };
		A7E36F74517FA9931D52713E /* RecommendationPlantDetailView.swift in Sources */ = {isa = PBXBuildFile; fileRef = 4A95884DCA8A3753EC21FEC7 /* RecommendationPlantDetailView.swift */; };
		AA1389033CFFCE65EFABCC6F /* SheetRoomPlanView.swift in Sources */ = {isa = PBXBuildFile; fileRef = 9896FF93B09C7A9841E37BCE /* SheetRoomPlanView.swift */; };
		ADFFA2EB815E20E7545283A4 /* ButtonMenu.swift in Sources */ = {isa = PBXBuildFile; fileRef = 3F887A03FC8DA63E39CD685B /* ButtonMenu.swift */; };
		AE96CCBCBF60B869F4639F6E /* PhysicallyBasedLightingEnviroment.swift in Sources */ = {isa = PBXBuildFile; fileRef = 93CE5A1D622B0EB195ED8010 /* PhysicallyBasedLightingEnviroment.swift */; };
		B4FA4EB0595EAC3E7047DB92 /* MainView.swift in Sources */ = {isa = PBXBuildFile; fileRef = DDD5DA2531686C21F022FD24 /* MainView.swift */; };
		B57DCF8620EFEBE77560EF89 /* left.png in Resources */ = {isa = PBXBuildFile; fileRef = A95EF128D0C4BC0B275722D2 /* left.png */; };
		B621E6706DB8C482282F0F1A /* CGFloat+Random.swift in Sources */ = {isa = PBXBuildFile; fileRef = 2ED22F10AD56806CB62B9903 /* CGFloat+Random.swift */; };
		B70C6587C43F110B9441E143 /* ViewController.swift in Sources */ = {isa = PBXBuildFile; fileRef = 2AD0D0F67B9BA54AAD7DB0CC /* ViewController.swift */; };
		BA1FD9563FED6F9C58A4E381 /* cement-normal.png in Resources */ = {isa = PBXBuildFile; fileRef = 4DA839C81F42A63C33A2E7B3 /* cement-normal.png */; };
		C15F61E03027325DF54C58E3 /* Localizable.strings in Resources */ = {isa = PBXBuildFile; fileRef = E573429C0B88D007B05E313D /* Localizable.strings */; };
		C325A25015CD91A64AAEB90B /* down.png in Resources */ = {isa = PBXBuildFile; fileRef = 4E085D86E5D4840F16E51BD1 /* down.png */; };
		C7F6E6C64077BE2F4D71FB8B /* LocationViewModel.swift in Sources */ = {isa = PBXBuildFile; fileRef = 925D064A25F82AE2D0D6ACB7 /* LocationViewModel.swift */; };
		C888F45ED4F926D2EA5FEFD1 /* SunKit in Frameworks */ = {isa = PBXBuildFile; productRef = BC0073A8DB5365695E9C4A71 /* SunKit */; };
		CE21A4599D601CF38C11824C /* upPBR.png in Resources */ = {isa = PBXBuildFile; fileRef = 00A52A34A2319BD51A98353D /* upPBR.png */; };
		D5BC1ADB3851A5A3C353792A /* floor-ambient-occlusion.png in Resources */ = {isa = PBXBuildFile; fileRef = 763E0A1EF587A3E7AD7E3A6F /* floor-ambient-occlusion.png */; };
		D636C4A54CB41575985466C4 /* Camera.swift in Sources */ = {isa = PBXBuildFile; fileRef = 749E205A220D45C09CDA00B9 /* Camera.swift */; };
		DBECCEF1170381E8189C43BF /* cement-ambient-occlusion.png in Resources */ = {isa = PBXBuildFile; fileRef = DDEBE5096AEB827E9C00FC57 /* cement-ambient-occlusion.png */; };
		DD01991B528B847403D84F5E /* PhysicallyBasedObject.swift in Sources */ = {isa = PBXBuildFile; fileRef = 60325ADE8BBE90F6C7235FCA /* PhysicallyBasedObject.swift */; };
		DDAE302237246A907B9B0A95 /* CustomSlider.swift in Sources */ = {isa = PBXBuildFile; fileRef = 2AE02A5ACD59288154403B03 /* CustomSlider.swift */; };
		DDE6932AD0A4AFCC8D2268D7 /* ViewPath.swift in Sources */ = {isa = PBXBuildFile; fileRef = E530D9B58D16A69EBDDE6ED0 /* ViewPath.swift */; };
		DFF95AFAC4E690A72A1CA87C /* RoomController.swift in Sources */ = {isa = PBXBuildFile; fileRef = 274343A1FEBD56918F49FDB7 /* RoomController.swift */; };
		E2E625D9D5982410E764D358 /* StandardButton.swift in Sources */ = {isa = PBXBuildFile; fileRef = 425A44796A30D8B99D8B0378 /* StandardButton.swift */; };
		E75D0687ED650E52818A6D85 /* PathStore.swift in Sources */ = {isa = PBXBuildFile; fileRef = AB5FAFF174BDF2961A501488 /* PathStore.swift */; };
		E803958ADD1D96CC8D9109A7 /* RecommendPlantMock.swift in Sources */ = {isa = PBXBuildFile; fileRef = AC316A6DD69158048E354C3B /* RecommendPlantMock.swift */; };
		E8D1357715B93578DAF127DF /* rustediron-metalness.png in Resources */ = {isa = PBXBuildFile; fileRef = B648C8AFF1A52B06E1100821 /* rustediron-metalness.png */; };
		E903A6F3E8E014891F639A55 /* copper-diffuse.png in Resources */ = {isa = PBXBuildFile; fileRef = 749BD2668EAE0803DB1BFB95 /* copper-diffuse.png */; };
		E935A23780C234AC5180193A /* checked2.jpg in Resources */ = {isa = PBXBuildFile; fileRef = 393829AA8642A32B92FE025E /* checked2.jpg */; };
		E93FBF12296C78CEE98D4E1A /* bgPBR.png in Resources */ = {isa = PBXBuildFile; fileRef = 4428DFD21D316E8610A4EAFE /* bgPBR.png */; };
		E9944CB8005C7373CAF9CDA2 /* PhysicallyBasedLightFeatures.swift in Sources */ = {isa = PBXBuildFile; fileRef = 0263FFDAF25C68BBE9D75086 /* PhysicallyBasedLightFeatures.swift */; };
		EAE819586D7FF68D25941949 /* Sun.swift in Sources */ = {isa = PBXBuildFile; fileRef = C24090B8B051826AE9DF6393 /* Sun.swift */; };
		ED26751B8D1F1234ABE2E88E /* Scene.swift in Sources */ = {isa = PBXBuildFile; fileRef = 2DBE5C1ECAFD28CE1A6EB444 /* Scene.swift */; };
		ED2CE51331E9D023F4F9CACC /* RoomViewIteration.swift in Sources */ = {isa = PBXBuildFile; fileRef = 2AB863EB59CFE19E4CFCCD32 /* RoomViewIteration.swift */; };
		ED9A07AB8CFB12733C3B09F4 /* ResultIteration.swift in Sources */ = {isa = PBXBuildFile; fileRef = AB5F63832E3681AF01335039 /* ResultIteration.swift */; };
		F1406865A22DDFB8289A1DFD /* PhysicallyBasedScene.swift in Sources */ = {isa = PBXBuildFile; fileRef = FF03AD95FDE23518ED5D0E34 /* PhysicallyBasedScene.swift */; };
		FA3110C24FA17C2589D845BF /* RecommendationPlantView.swift in Sources */ = {isa = PBXBuildFile; fileRef = 8321FF97A59B3B3D632C9993 /* RecommendationPlantView.swift */; };
		FAB09288C8A0DBAF027CDC2B /* ObjViewController.swift in Sources */ = {isa = PBXBuildFile; fileRef = 96C08F9243F42AE7A53EE6BD /* ObjViewController.swift */; };
		FC8CC2664489F0C7DD2EC185 /* frontPBR.png in Resources */ = {isa = PBXBuildFile; fileRef = 405A255E9F3241D40071DB3C /* frontPBR.png */; };
/* End PBXBuildFile section */

/* Begin PBXFileReference section */
		00A52A34A2319BD51A98353D /* upPBR.png */ = {isa = PBXFileReference; lastKnownFileType = image.png; path = upPBR.png; sourceTree = "<group>"; };
		026307A45329955EA38D5230 /* PhysicallyBasedMaterial.swift */ = {isa = PBXFileReference; lastKnownFileType = sourcecode.swift; path = PhysicallyBasedMaterial.swift; sourceTree = "<group>"; };
		0263FFDAF25C68BBE9D75086 /* PhysicallyBasedLightFeatures.swift */ = {isa = PBXFileReference; lastKnownFileType = sourcecode.swift; path = PhysicallyBasedLightFeatures.swift; sourceTree = "<group>"; };
		0B5CB4CA7189A491CE8B9EDB /* GeneralCostumButton.swift */ = {isa = PBXFileReference; lastKnownFileType = sourcecode.swift; path = GeneralCostumButton.swift; sourceTree = "<group>"; };
		12C71054755E58EB10D977D6 /* floor-diffuse.png */ = {isa = PBXFileReference; lastKnownFileType = image.png; path = "floor-diffuse.png"; sourceTree = "<group>"; };
		19C3990A20AE9AE6C68AEC57 /* RoomViewRepresentable.swift */ = {isa = PBXFileReference; lastKnownFileType = sourcecode.swift; path = RoomViewRepresentable.swift; sourceTree = "<group>"; };
		1A008FBE0223F35612A812B3 /* OnboardingView.swift */ = {isa = PBXFileReference; lastKnownFileType = sourcecode.swift; path = OnboardingView.swift; sourceTree = "<group>"; };
		1A1C7F87205F6EAFF566344D /* Assets.xcassets */ = {isa = PBXFileReference; lastKnownFileType = folder.assetcatalog; path = Assets.xcassets; sourceTree = "<group>"; };
		2385DC6889989D0DEE7CE85B /* View+Extension.swift */ = {isa = PBXFileReference; lastKnownFileType = sourcecode.swift; path = "View+Extension.swift"; sourceTree = "<group>"; };
		23DC234A4402A50E4CEB41A2 /* PhysicallyBasedLight.swift */ = {isa = PBXFileReference; lastKnownFileType = sourcecode.swift; path = PhysicallyBasedLight.swift; sourceTree = "<group>"; };
		274343A1FEBD56918F49FDB7 /* RoomController.swift */ = {isa = PBXFileReference; lastKnownFileType = sourcecode.swift; path = RoomController.swift; sourceTree = "<group>"; };
		29CFB1F56E1A9C6F9EBADDE8 /* floor-metalness.png */ = {isa = PBXFileReference; lastKnownFileType = image.png; path = "floor-metalness.png"; sourceTree = "<group>"; };
		2AB863EB59CFE19E4CFCCD32 /* RoomViewIteration.swift */ = {isa = PBXFileReference; lastKnownFileType = sourcecode.swift; path = RoomViewIteration.swift; sourceTree = "<group>"; };
		2AD0D0F67B9BA54AAD7DB0CC /* ViewController.swift */ = {isa = PBXFileReference; lastKnownFileType = sourcecode.swift; path = ViewController.swift; sourceTree = "<group>"; };
		2AE02A5ACD59288154403B03 /* CustomSlider.swift */ = {isa = PBXFileReference; lastKnownFileType = sourcecode.swift; path = CustomSlider.swift; sourceTree = "<group>"; };
		2D55FCAB25AF00C757C482D3 /* copper-metalness.png */ = {isa = PBXFileReference; lastKnownFileType = image.png; path = "copper-metalness.png"; sourceTree = "<group>"; };
		2DBE5C1ECAFD28CE1A6EB444 /* Scene.swift */ = {isa = PBXFileReference; lastKnownFileType = sourcecode.swift; path = Scene.swift; sourceTree = "<group>"; };
		2ED22F10AD56806CB62B9903 /* CGFloat+Random.swift */ = {isa = PBXFileReference; lastKnownFileType = sourcecode.swift; path = "CGFloat+Random.swift"; sourceTree = "<group>"; };
		2FDB23D21585BAB32F61096B /* Floor.obj */ = {isa = PBXFileReference; path = Floor.obj; sourceTree = "<group>"; };
		2FE60050B80A5A9DF9386969 /* cement-diffuse.png */ = {isa = PBXFileReference; lastKnownFileType = image.png; path = "cement-diffuse.png"; sourceTree = "<group>"; };
		3050D60B60090F947C39747E /* SliderView.swift */ = {isa = PBXFileReference; lastKnownFileType = sourcecode.swift; path = SliderView.swift; sourceTree = "<group>"; };
		32C12F34E7039A586262B39F /* Light.swift */ = {isa = PBXFileReference; lastKnownFileType = sourcecode.swift; path = Light.swift; sourceTree = "<group>"; };
		3329213169562DF49F3EFFC2 /* room.usdz */ = {isa = PBXFileReference; lastKnownFileType = file.usdz; path = room.usdz; sourceTree = "<group>"; };
		393829AA8642A32B92FE025E /* checked2.jpg */ = {isa = PBXFileReference; lastKnownFileType = image.jpeg; path = checked2.jpg; sourceTree = "<group>"; };
		3A1207CFDD418945D8B12551 /* ColladaLoader.swift */ = {isa = PBXFileReference; lastKnownFileType = sourcecode.swift; path = ColladaLoader.swift; sourceTree = "<group>"; };
		3A9A4873EF8AAE7C10AE5BAE /* floor-normal.png */ = {isa = PBXFileReference; lastKnownFileType = image.png; path = "floor-normal.png"; sourceTree = "<group>"; };
		3F887A03FC8DA63E39CD685B /* ButtonMenu.swift */ = {isa = PBXFileReference; lastKnownFileType = sourcecode.swift; path = ButtonMenu.swift; sourceTree = "<group>"; };
		404A38E9BC6EF2E1892D41A9 /* LightFeatures.swift */ = {isa = PBXFileReference; lastKnownFileType = sourcecode.swift; path = LightFeatures.swift; sourceTree = "<group>"; };
		405A255E9F3241D40071DB3C /* frontPBR.png */ = {isa = PBXFileReference; lastKnownFileType = image.png; path = frontPBR.png; sourceTree = "<group>"; };
		41802F3ECE01A08CBFC1FBD3 /* marble2.jpg */ = {isa = PBXFileReference; lastKnownFileType = image.jpeg; path = marble2.jpg; sourceTree = "<group>"; };
		425A44796A30D8B99D8B0378 /* StandardButton.swift */ = {isa = PBXFileReference; lastKnownFileType = sourcecode.swift; path = StandardButton.swift; sourceTree = "<group>"; };
		4428DFD21D316E8610A4EAFE /* bgPBR.png */ = {isa = PBXFileReference; lastKnownFileType = image.png; path = bgPBR.png; sourceTree = "<group>"; };
		4A95884DCA8A3753EC21FEC7 /* RecommendationPlantDetailView.swift */ = {isa = PBXFileReference; lastKnownFileType = sourcecode.swift; path = RecommendationPlantDetailView.swift; sourceTree = "<group>"; };
		4B65B179AF915ED71A26A3F6 /* rustediron-normal.png */ = {isa = PBXFileReference; lastKnownFileType = image.png; path = "rustediron-normal.png"; sourceTree = "<group>"; };
		4DA839C81F42A63C33A2E7B3 /* cement-normal.png */ = {isa = PBXFileReference; lastKnownFileType = image.png; path = "cement-normal.png"; sourceTree = "<group>"; };
		4E085D86E5D4840F16E51BD1 /* down.png */ = {isa = PBXFileReference; lastKnownFileType = image.png; path = down.png; sourceTree = "<group>"; };
		4F59FAB510B7E58BDDA917A1 /* floor.jpg */ = {isa = PBXFileReference; lastKnownFileType = image.jpeg; path = floor.jpg; sourceTree = "<group>"; };
		52D1D2930C098F294C1593EF /* pool.jpg */ = {isa = PBXFileReference; lastKnownFileType = image.jpeg; path = pool.jpg; sourceTree = "<group>"; };
		57F4C7AF960C3DA51928AAAC /* DashedLineVertical.swift */ = {isa = PBXFileReference; lastKnownFileType = sourcecode.swift; path = DashedLineVertical.swift; sourceTree = "<group>"; };
		59FD5E9AFD7CAEF55DA2E194 /* MeshLoader.swift */ = {isa = PBXFileReference; lastKnownFileType = sourcecode.swift; path = MeshLoader.swift; sourceTree = "<group>"; };
		5B98BDF580CF2C693CB986DE /* keluarga-cemara.app */ = {isa = PBXFileReference; includeInIndex = 0; lastKnownFileType = wrapper.application; path = "keluarga-cemara.app"; sourceTree = BUILT_PRODUCTS_DIR; };
		60325ADE8BBE90F6C7235FCA /* PhysicallyBasedObject.swift */ = {isa = PBXFileReference; lastKnownFileType = sourcecode.swift; path = PhysicallyBasedObject.swift; sourceTree = "<group>"; };
		69F1746C102DEACC42D53C13 /* KeluargaCemara.swift */ = {isa = PBXFileReference; lastKnownFileType = sourcecode.swift; path = KeluargaCemara.swift; sourceTree = "<group>"; };
		6CDBA62C4FAA55A4ADAF69A6 /* marble3.jpg */ = {isa = PBXFileReference; lastKnownFileType = image.jpeg; path = marble3.jpg; sourceTree = "<group>"; };
		6D69312619798D0CB6B82C9D /* front.png */ = {isa = PBXFileReference; lastKnownFileType = image.png; path = front.png; sourceTree = "<group>"; };
		71CDB316551EE65EA2BDD602 /* ItemInstruction.swift */ = {isa = PBXFileReference; lastKnownFileType = sourcecode.swift; path = ItemInstruction.swift; sourceTree = "<group>"; };
		749BD2668EAE0803DB1BFB95 /* copper-diffuse.png */ = {isa = PBXFileReference; lastKnownFileType = image.png; path = "copper-diffuse.png"; sourceTree = "<group>"; };
		749E205A220D45C09CDA00B9 /* Camera.swift */ = {isa = PBXFileReference; lastKnownFileType = sourcecode.swift; path = Camera.swift; sourceTree = "<group>"; };
		763E0A1EF587A3E7AD7E3A6F /* floor-ambient-occlusion.png */ = {isa = PBXFileReference; lastKnownFileType = image.png; path = "floor-ambient-occlusion.png"; sourceTree = "<group>"; };
		7A3A5B85B6793334342F07BD /* leftPBR.png */ = {isa = PBXFileReference; lastKnownFileType = image.png; path = leftPBR.png; sourceTree = "<group>"; };
		7CCE1A4FDD94AADE007731D5 /* InstructionView.swift */ = {isa = PBXFileReference; lastKnownFileType = sourcecode.swift; path = InstructionView.swift; sourceTree = "<group>"; };
		7F6B8ECEBCA33F5FDBD2CF22 /* Int+Random.swift */ = {isa = PBXFileReference; lastKnownFileType = sourcecode.swift; path = "Int+Random.swift"; sourceTree = "<group>"; };
		8321FF97A59B3B3D632C9993 /* RecommendationPlantView.swift */ = {isa = PBXFileReference; lastKnownFileType = sourcecode.swift; path = RecommendationPlantView.swift; sourceTree = "<group>"; };
		8F295173AA9091D32B9C5051 /* copper-normal.png */ = {isa = PBXFileReference; lastKnownFileType = image.png; path = "copper-normal.png"; sourceTree = "<group>"; };
		8F5C649FD7B9AB7917D2C21C /* back.png */ = {isa = PBXFileReference; lastKnownFileType = image.png; path = back.png; sourceTree = "<group>"; };
		925D064A25F82AE2D0D6ACB7 /* LocationViewModel.swift */ = {isa = PBXFileReference; lastKnownFileType = sourcecode.swift; path = LocationViewModel.swift; sourceTree = "<group>"; };
		93CE5A1D622B0EB195ED8010 /* PhysicallyBasedLightingEnviroment.swift */ = {isa = PBXFileReference; lastKnownFileType = sourcecode.swift; path = PhysicallyBasedLightingEnviroment.swift; sourceTree = "<group>"; };
		96C08F9243F42AE7A53EE6BD /* ObjViewController.swift */ = {isa = PBXFileReference; lastKnownFileType = sourcecode.swift; path = ObjViewController.swift; sourceTree = "<group>"; };
		9896FF93B09C7A9841E37BCE /* SheetRoomPlanView.swift */ = {isa = PBXFileReference; lastKnownFileType = sourcecode.swift; path = SheetRoomPlanView.swift; sourceTree = "<group>"; };
		997EC4E6684FCDD41B01AE10 /* right.png */ = {isa = PBXFileReference; lastKnownFileType = image.png; path = right.png; sourceTree = "<group>"; };
		999B900DDFB19795DFD0DBB3 /* RecommendCardView.swift */ = {isa = PBXFileReference; lastKnownFileType = sourcecode.swift; path = RecommendCardView.swift; sourceTree = "<group>"; };
		A6714B95BCBD81F6FEB01B34 /* ResultScan.swift */ = {isa = PBXFileReference; lastKnownFileType = sourcecode.swift; path = ResultScan.swift; sourceTree = "<group>"; };
		A95EF128D0C4BC0B275722D2 /* left.png */ = {isa = PBXFileReference; lastKnownFileType = image.png; path = left.png; sourceTree = "<group>"; };
		AB5F63832E3681AF01335039 /* ResultIteration.swift */ = {isa = PBXFileReference; lastKnownFileType = sourcecode.swift; path = ResultIteration.swift; sourceTree = "<group>"; };
		AB5FAFF174BDF2961A501488 /* PathStore.swift */ = {isa = PBXFileReference; lastKnownFileType = sourcecode.swift; path = PathStore.swift; sourceTree = "<group>"; };
		AC316A6DD69158048E354C3B /* RecommendPlantMock.swift */ = {isa = PBXFileReference; lastKnownFileType = sourcecode.swift; path = RecommendPlantMock.swift; sourceTree = "<group>"; };
		B1D009A76156643ED0A9AF7D /* up.png */ = {isa = PBXFileReference; lastKnownFileType = image.png; path = up.png; sourceTree = "<group>"; };
		B24760ED3D7641736C5462E0 /* downPBR.png */ = {isa = PBXFileReference; lastKnownFileType = image.png; path = downPBR.png; sourceTree = "<group>"; };
		B648C8AFF1A52B06E1100821 /* rustediron-metalness.png */ = {isa = PBXFileReference; lastKnownFileType = image.png; path = "rustediron-metalness.png"; sourceTree = "<group>"; };
		BA1546D96A41C64CAA3F814D /* checked1.jpg */ = {isa = PBXFileReference; lastKnownFileType = image.jpeg; path = checked1.jpg; sourceTree = "<group>"; };
		BC50E77EDD87C48AD1CA488B /* CustomSceneViewRepresentable.swift */ = {isa = PBXFileReference; lastKnownFileType = sourcecode.swift; path = CustomSceneViewRepresentable.swift; sourceTree = "<group>"; };
		C24090B8B051826AE9DF6393 /* Sun.swift */ = {isa = PBXFileReference; lastKnownFileType = sourcecode.swift; path = Sun.swift; sourceTree = "<group>"; };
		C337683773D84A6EBC30C0F9 /* Object.swift */ = {isa = PBXFileReference; lastKnownFileType = sourcecode.swift; path = Object.swift; sourceTree = "<group>"; };
		D80E44B9B64308818A4F0D47 /* backPBR.png */ = {isa = PBXFileReference; lastKnownFileType = image.png; path = backPBR.png; sourceTree = "<group>"; };
		D8DD4724C36C3E92495BC153 /* scan.usdz */ = {isa = PBXFileReference; lastKnownFileType = file.usdz; path = scan.usdz; sourceTree = "<group>"; };
		DDA365E84E3CE01FDFD14F58 /* cement-metalness.png */ = {isa = PBXFileReference; lastKnownFileType = image.png; path = "cement-metalness.png"; sourceTree = "<group>"; };
		DDD5DA2531686C21F022FD24 /* MainView.swift */ = {isa = PBXFileReference; lastKnownFileType = sourcecode.swift; path = MainView.swift; sourceTree = "<group>"; };
		DDEBE5096AEB827E9C00FC57 /* cement-ambient-occlusion.png */ = {isa = PBXFileReference; lastKnownFileType = image.png; path = "cement-ambient-occlusion.png"; sourceTree = "<group>"; };
		E1C56239B35F22CD97C40D51 /* ARView.swift */ = {isa = PBXFileReference; lastKnownFileType = sourcecode.swift; path = ARView.swift; sourceTree = "<group>"; };
		E31E0E542D2C505BBE607611 /* ARViewContainer.swift */ = {isa = PBXFileReference; lastKnownFileType = sourcecode.swift; path = ARViewContainer.swift; sourceTree = "<group>"; };
		E48BDD2DD952F0EA64081C97 /* RecommendPlantModel.swift */ = {isa = PBXFileReference; lastKnownFileType = sourcecode.swift; path = RecommendPlantModel.swift; sourceTree = "<group>"; };
		E530D9B58D16A69EBDDE6ED0 /* ViewPath.swift */ = {isa = PBXFileReference; lastKnownFileType = sourcecode.swift; path = ViewPath.swift; sourceTree = "<group>"; };
		E573429C0B88D007B05E313D /* Localizable.strings */ = {isa = PBXFileReference; lastKnownFileType = text.plist.strings; path = Localizable.strings; sourceTree = "<group>"; };
		F20EC2AE6AA21ADDD22BFE7C /* rightPBR.png */ = {isa = PBXFileReference; lastKnownFileType = image.png; path = rightPBR.png; sourceTree = "<group>"; };
		F3AAA0D6F25BE541FF61958E /* RecommendListCardView.swift */ = {isa = PBXFileReference; lastKnownFileType = sourcecode.swift; path = RecommendListCardView.swift; sourceTree = "<group>"; };
		F6902F3302358E45A5D1FF55 /* Info.plist */ = {isa = PBXFileReference; lastKnownFileType = text.plist; path = Info.plist; sourceTree = "<group>"; };
		F8350CE09A09D732B7CA805E /* art.scnassets */ = {isa = PBXFileReference; lastKnownFileType = wrapper.scnassets; path = art.scnassets; sourceTree = "<group>"; };
		F838BD83DBAB3160FBB87B38 /* rustediron-diffuse.png */ = {isa = PBXFileReference; lastKnownFileType = image.png; path = "rustediron-diffuse.png"; sourceTree = "<group>"; };
		F8B608BF066B48881C36A735 /* marble1.jpg */ = {isa = PBXFileReference; lastKnownFileType = image.jpeg; path = marble1.jpg; sourceTree = "<group>"; };
		FF03AD95FDE23518ED5D0E34 /* PhysicallyBasedScene.swift */ = {isa = PBXFileReference; lastKnownFileType = sourcecode.swift; path = PhysicallyBasedScene.swift; sourceTree = "<group>"; };
		FF9A9C2850E2023924109DB0 /* CareInfoView.swift */ = {isa = PBXFileReference; lastKnownFileType = sourcecode.swift; path = CareInfoView.swift; sourceTree = "<group>"; };
/* End PBXFileReference section */

/* Begin PBXFrameworksBuildPhase section */
		15A2242808A2CB0A0452F908 /* Frameworks */ = {
			isa = PBXFrameworksBuildPhase;
			buildActionMask = 2147483647;
			files = (
				C888F45ED4F926D2EA5FEFD1 /* SunKit in Frameworks */,
			);
			runOnlyForDeploymentPostprocessing = 0;
		};
/* End PBXFrameworksBuildPhase section */

/* Begin PBXGroup section */
		112CB2F50F220192912750C4 /* View */ = {
			isa = PBXGroup;
			children = (
				DDD5DA2531686C21F022FD24 /* MainView.swift */,
				50D5B1F7E3264102DA6F1F10 /* Onboarding */,
			);
			path = View;
			sourceTree = "<group>";
		};
		15E6FAC4C1E602B9EBF23012 /* Products */ = {
			isa = PBXGroup;
			children = (
				5B98BDF580CF2C693CB986DE /* keluarga-cemara.app */,
			);
			name = Products;
			sourceTree = "<group>";
		};
		264D2FB37A0B7665041B6669 /* Core */ = {
			isa = PBXGroup;
			children = (
				112CB2F50F220192912750C4 /* View */,
			);
			path = Core;
			sourceTree = "<group>";
		};
		279967C3F6BBCCAA9A0DC8CC /* skyboxPhysicallyBased */ = {
			isa = PBXGroup;
			children = (
				D80E44B9B64308818A4F0D47 /* backPBR.png */,
				4428DFD21D316E8610A4EAFE /* bgPBR.png */,
				B24760ED3D7641736C5462E0 /* downPBR.png */,
				405A255E9F3241D40071DB3C /* frontPBR.png */,
				7A3A5B85B6793334342F07BD /* leftPBR.png */,
				F20EC2AE6AA21ADDD22BFE7C /* rightPBR.png */,
				00A52A34A2319BD51A98353D /* upPBR.png */,
			);
			path = skyboxPhysicallyBased;
			sourceTree = "<group>";
		};
		2EA797C43BB134F31B641504 /* RecomendationPlantFeature */ = {
			isa = PBXGroup;
			children = (
				5DBC060AD42E06C4386CA123 /* Component */,
				55382C365E991895DBE5D350 /* Model */,
				8D49156D12B7A103C052A149 /* View */,
			);
			path = RecomendationPlantFeature;
			sourceTree = "<group>";
		};
		374F5ADB8AB92D1AAAC1E98A /* keluarga-cemara */ = {
			isa = PBXGroup;
			children = (
				1A1C7F87205F6EAFF566344D /* Assets.xcassets */,
				F6902F3302358E45A5D1FF55 /* Info.plist */,
				69F1746C102DEACC42D53C13 /* KeluargaCemara.swift */,
				E573429C0B88D007B05E313D /* Localizable.strings */,
				D8DD4724C36C3E92495BC153 /* scan.usdz */,
				C81CCCB5A258069005864254 /* ARFeature */,
				264D2FB37A0B7665041B6669 /* Core */,
				D1E0039F13C8DF17D5917A4E /* Extensions */,
				2EA797C43BB134F31B641504 /* RecomendationPlantFeature */,
				45116EA2E1731E68E94F1719 /* ResultFeature */,
				811F76576D037FDC0D09010E /* RoomPlanFeature */,
				D456F300E18C1702EE82BED8 /* Routings */,
			);
			path = "keluarga-cemara";
			sourceTree = "<group>";
		};
		3803772482D7E7C580A66474 /* PhysicallyBasedRendering */ = {
			isa = PBXGroup;
			children = (
				23DC234A4402A50E4CEB41A2 /* PhysicallyBasedLight.swift */,
				0263FFDAF25C68BBE9D75086 /* PhysicallyBasedLightFeatures.swift */,
				93CE5A1D622B0EB195ED8010 /* PhysicallyBasedLightingEnviroment.swift */,
				026307A45329955EA38D5230 /* PhysicallyBasedMaterial.swift */,
				60325ADE8BBE90F6C7235FCA /* PhysicallyBasedObject.swift */,
				FF03AD95FDE23518ED5D0E34 /* PhysicallyBasedScene.swift */,
			);
			path = PhysicallyBasedRendering;
			sourceTree = "<group>";
		};
		45116EA2E1731E68E94F1719 /* ResultFeature */ = {
			isa = PBXGroup;
			children = (
				F8350CE09A09D732B7CA805E /* art.scnassets */,
				F9771F6648B3426DE8573FF8 /* Controller */,
				73B4E2C640B492903EE7D4F8 /* images */,
				A088042BDAF55D1BFF2836AB /* Objs */,
				5FC0EB54DA1137FF07CBF416 /* Scenes */,
			);
			path = ResultFeature;
			sourceTree = "<group>";
		};
		467F133BCDC89CCBEAD1A7D9 /* View */ = {
			isa = PBXGroup;
			children = (
				E1C56239B35F22CD97C40D51 /* ARView.swift */,
			);
			path = View;
			sourceTree = "<group>";
		};
		50D5B1F7E3264102DA6F1F10 /* Onboarding */ = {
			isa = PBXGroup;
			children = (
				1A008FBE0223F35612A812B3 /* OnboardingView.swift */,
			);
			path = Onboarding;
			sourceTree = "<group>";
		};
		55382C365E991895DBE5D350 /* Model */ = {
			isa = PBXGroup;
			children = (
				AC316A6DD69158048E354C3B /* RecommendPlantMock.swift */,
				E48BDD2DD952F0EA64081C97 /* RecommendPlantModel.swift */,
			);
			path = Model;
			sourceTree = "<group>";
		};
		58146BA1479745946190077F /* View */ = {
			isa = PBXGroup;
			children = (
				BC50E77EDD87C48AD1CA488B /* CustomSceneViewRepresentable.swift */,
				7CCE1A4FDD94AADE007731D5 /* InstructionView.swift */,
				AB5F63832E3681AF01335039 /* ResultIteration.swift */,
				A6714B95BCBD81F6FEB01B34 /* ResultScan.swift */,
				2AB863EB59CFE19E4CFCCD32 /* RoomViewIteration.swift */,
				19C3990A20AE9AE6C68AEC57 /* RoomViewRepresentable.swift */,
			);
			path = View;
			sourceTree = "<group>";
		};
		5DBC060AD42E06C4386CA123 /* Component */ = {
			isa = PBXGroup;
			children = (
				FF9A9C2850E2023924109DB0 /* CareInfoView.swift */,
				999B900DDFB19795DFD0DBB3 /* RecommendCardView.swift */,
				F3AAA0D6F25BE541FF61958E /* RecommendListCardView.swift */,
			);
			path = Component;
			sourceTree = "<group>";
		};
		5FC0EB54DA1137FF07CBF416 /* Scenes */ = {
			isa = PBXGroup;
			children = (
				749E205A220D45C09CDA00B9 /* Camera.swift */,
				2ED22F10AD56806CB62B9903 /* CGFloat+Random.swift */,
				3A1207CFDD418945D8B12551 /* ColladaLoader.swift */,
				7F6B8ECEBCA33F5FDBD2CF22 /* Int+Random.swift */,
				32C12F34E7039A586262B39F /* Light.swift */,
				404A38E9BC6EF2E1892D41A9 /* LightFeatures.swift */,
				59FD5E9AFD7CAEF55DA2E194 /* MeshLoader.swift */,
				C337683773D84A6EBC30C0F9 /* Object.swift */,
				2DBE5C1ECAFD28CE1A6EB444 /* Scene.swift */,
				C24090B8B051826AE9DF6393 /* Sun.swift */,
				3803772482D7E7C580A66474 /* PhysicallyBasedRendering */,
			);
			path = Scenes;
			sourceTree = "<group>";
		};
		73B4E2C640B492903EE7D4F8 /* images */ = {
			isa = PBXGroup;
			children = (
				DDEBE5096AEB827E9C00FC57 /* cement-ambient-occlusion.png */,
				2FE60050B80A5A9DF9386969 /* cement-diffuse.png */,
				DDA365E84E3CE01FDFD14F58 /* cement-metalness.png */,
				4DA839C81F42A63C33A2E7B3 /* cement-normal.png */,
				BA1546D96A41C64CAA3F814D /* checked1.jpg */,
				393829AA8642A32B92FE025E /* checked2.jpg */,
				749BD2668EAE0803DB1BFB95 /* copper-diffuse.png */,
				2D55FCAB25AF00C757C482D3 /* copper-metalness.png */,
				8F295173AA9091D32B9C5051 /* copper-normal.png */,
				763E0A1EF587A3E7AD7E3A6F /* floor-ambient-occlusion.png */,
				12C71054755E58EB10D977D6 /* floor-diffuse.png */,
				29CFB1F56E1A9C6F9EBADDE8 /* floor-metalness.png */,
				3A9A4873EF8AAE7C10AE5BAE /* floor-normal.png */,
				4F59FAB510B7E58BDDA917A1 /* floor.jpg */,
				F8B608BF066B48881C36A735 /* marble1.jpg */,
				41802F3ECE01A08CBFC1FBD3 /* marble2.jpg */,
				6CDBA62C4FAA55A4ADAF69A6 /* marble3.jpg */,
				52D1D2930C098F294C1593EF /* pool.jpg */,
				F838BD83DBAB3160FBB87B38 /* rustediron-diffuse.png */,
				B648C8AFF1A52B06E1100821 /* rustediron-metalness.png */,
				4B65B179AF915ED71A26A3F6 /* rustediron-normal.png */,
				89564EF2F00DC18D0DE48B2E /* skybox */,
				279967C3F6BBCCAA9A0DC8CC /* skyboxPhysicallyBased */,
			);
			path = images;
			sourceTree = "<group>";
		};
		811F76576D037FDC0D09010E /* RoomPlanFeature */ = {
			isa = PBXGroup;
			children = (
				8F438E14D0D04C1636565E4B /* Component */,
				58146BA1479745946190077F /* View */,
				D0C46B91B0BDB80C82ADF5FB /* ViewModel */,
			);
			path = RoomPlanFeature;
			sourceTree = "<group>";
		};
		87DF3E87687274397984EF42 /* Component */ = {
			isa = PBXGroup;
			children = (
				3F887A03FC8DA63E39CD685B /* ButtonMenu.swift */,
				57F4C7AF960C3DA51928AAAC /* DashedLineVertical.swift */,
			);
			path = Component;
			sourceTree = "<group>";
		};
		89564EF2F00DC18D0DE48B2E /* skybox */ = {
			isa = PBXGroup;
			children = (
				8F5C649FD7B9AB7917D2C21C /* back.png */,
				4E085D86E5D4840F16E51BD1 /* down.png */,
				6D69312619798D0CB6B82C9D /* front.png */,
				A95EF128D0C4BC0B275722D2 /* left.png */,
				997EC4E6684FCDD41B01AE10 /* right.png */,
				B1D009A76156643ED0A9AF7D /* up.png */,
			);
			path = skybox;
			sourceTree = "<group>";
		};
		8D49156D12B7A103C052A149 /* View */ = {
			isa = PBXGroup;
			children = (
				4A95884DCA8A3753EC21FEC7 /* RecommendationPlantDetailView.swift */,
				8321FF97A59B3B3D632C9993 /* RecommendationPlantView.swift */,
			);
			path = View;
			sourceTree = "<group>";
		};
		8F438E14D0D04C1636565E4B /* Component */ = {
			isa = PBXGroup;
			children = (
				2AE02A5ACD59288154403B03 /* CustomSlider.swift */,
				71CDB316551EE65EA2BDD602 /* ItemInstruction.swift */,
				9896FF93B09C7A9841E37BCE /* SheetRoomPlanView.swift */,
				3050D60B60090F947C39747E /* SliderView.swift */,
			);
			path = Component;
			sourceTree = "<group>";
		};
		A088042BDAF55D1BFF2836AB /* Objs */ = {
			isa = PBXGroup;
			children = (
				2FDB23D21585BAB32F61096B /* Floor.obj */,
				3329213169562DF49F3EFFC2 /* room.usdz */,
			);
			path = Objs;
			sourceTree = "<group>";
		};
		B88A8A856A81FB5DACB27189 = {
			isa = PBXGroup;
			children = (
				374F5ADB8AB92D1AAAC1E98A /* keluarga-cemara */,
				15E6FAC4C1E602B9EBF23012 /* Products */,
			);
			sourceTree = "<group>";
		};
		C81CCCB5A258069005864254 /* ARFeature */ = {
			isa = PBXGroup;
			children = (
				E31E0E542D2C505BBE607611 /* ARViewContainer.swift */,
				87DF3E87687274397984EF42 /* Component */,
				467F133BCDC89CCBEAD1A7D9 /* View */,
			);
			path = ARFeature;
			sourceTree = "<group>";
		};
		D0C46B91B0BDB80C82ADF5FB /* ViewModel */ = {
			isa = PBXGroup;
			children = (
				925D064A25F82AE2D0D6ACB7 /* LocationViewModel.swift */,
				274343A1FEBD56918F49FDB7 /* RoomController.swift */,
			);
			path = ViewModel;
			sourceTree = "<group>";
		};
		D1E0039F13C8DF17D5917A4E /* Extensions */ = {
			isa = PBXGroup;
			children = (
				0B5CB4CA7189A491CE8B9EDB /* GeneralCostumButton.swift */,
				425A44796A30D8B99D8B0378 /* StandardButton.swift */,
				2385DC6889989D0DEE7CE85B /* View+Extension.swift */,
			);
			path = Extensions;
			sourceTree = "<group>";
		};
		D456F300E18C1702EE82BED8 /* Routings */ = {
			isa = PBXGroup;
			children = (
				AB5FAFF174BDF2961A501488 /* PathStore.swift */,
				E530D9B58D16A69EBDDE6ED0 /* ViewPath.swift */,
			);
			path = Routings;
			sourceTree = "<group>";
		};
		F9771F6648B3426DE8573FF8 /* Controller */ = {
			isa = PBXGroup;
			children = (
				96C08F9243F42AE7A53EE6BD /* ObjViewController.swift */,
				2AD0D0F67B9BA54AAD7DB0CC /* ViewController.swift */,
			);
			path = Controller;
			sourceTree = "<group>";
		};
/* End PBXGroup section */

/* Begin PBXNativeTarget section */
		2DA4549E1D2FD20002362EE4 /* keluarga-cemara */ = {
			isa = PBXNativeTarget;
			buildConfigurationList = 8572FA1B77566D1C97E3222F /* Build configuration list for PBXNativeTarget "keluarga-cemara" */;
			buildPhases = (
				03083704FD1E1C3281424D1C /* Sources */,
				1D30A655599490395F66AA86 /* Resources */,
				15A2242808A2CB0A0452F908 /* Frameworks */,
			);
			buildRules = (
			);
			dependencies = (
			);
			name = "keluarga-cemara";
			packageProductDependencies = (
				BC0073A8DB5365695E9C4A71 /* SunKit */,
			);
			productName = "keluarga-cemara";
			productReference = 5B98BDF580CF2C693CB986DE /* keluarga-cemara.app */;
			productType = "com.apple.product-type.application";
		};
/* End PBXNativeTarget section */

/* Begin PBXProject section */
		75C69FAC0DC5678D82E18A7B /* Project object */ = {
			isa = PBXProject;
			attributes = {
				BuildIndependentTargetsInParallel = YES;
				LastUpgradeCheck = 1430;
				TargetAttributes = {
				};
			};
			buildConfigurationList = 5E372D79759C333F5982CE6D /* Build configuration list for PBXProject "keluarga-cemara" */;
			compatibilityVersion = "Xcode 14.0";
			developmentRegion = en;
			hasScannedForEncodings = 0;
			knownRegions = (
				Base,
				en,
			);
			mainGroup = B88A8A856A81FB5DACB27189;
			packageReferences = (
				82D61DC32D51A2B17F65EF62 /* XCRemoteSwiftPackageReference "SunKit" */,
			);
			projectDirPath = "";
			projectRoot = "";
			targets = (
				2DA4549E1D2FD20002362EE4 /* keluarga-cemara */,
			);
		};
/* End PBXProject section */

/* Begin PBXResourcesBuildPhase section */
		1D30A655599490395F66AA86 /* Resources */ = {
			isa = PBXResourcesBuildPhase;
			buildActionMask = 2147483647;
			files = (
				75778607CCF4C6A79DB50D6D /* Assets.xcassets in Resources */,
				98EB4F77612094997BA2C32E /* Floor.obj in Resources */,
				C15F61E03027325DF54C58E3 /* Localizable.strings in Resources */,
				9BA9B353699E69B5F16B9FB6 /* art.scnassets in Resources */,
				8036895B483CF67227FFABCD /* back.png in Resources */,
				A5FC4C2CD85CDC9AF02C4B63 /* backPBR.png in Resources */,
				E93FBF12296C78CEE98D4E1A /* bgPBR.png in Resources */,
				DBECCEF1170381E8189C43BF /* cement-ambient-occlusion.png in Resources */,
				51F0F8FC17D39B6744C197FF /* cement-diffuse.png in Resources */,
				3B3248AA9CD57CC699A5B631 /* cement-metalness.png in Resources */,
				BA1FD9563FED6F9C58A4E381 /* cement-normal.png in Resources */,
				9A3FFF29AE57499C8DE66CE3 /* checked1.jpg in Resources */,
				E935A23780C234AC5180193A /* checked2.jpg in Resources */,
				E903A6F3E8E014891F639A55 /* copper-diffuse.png in Resources */,
				79DCACAA6932FF3BBD3678E1 /* copper-metalness.png in Resources */,
				87B27447215B5910DD852F9F /* copper-normal.png in Resources */,
				C325A25015CD91A64AAEB90B /* down.png in Resources */,
				66B7198226F8937D0077FB73 /* downPBR.png in Resources */,
				D5BC1ADB3851A5A3C353792A /* floor-ambient-occlusion.png in Resources */,
				74A63A7A0E07651D4E9FF5FF /* floor-diffuse.png in Resources */,
				8ED5DC2BF0D4BF42AC5882F1 /* floor-metalness.png in Resources */,
				2F94DC10698EEC45A00D2ACF /* floor-normal.png in Resources */,
				3B358BCE67C8B6F8D157DE33 /* floor.jpg in Resources */,
				5CE2E149D7C437419786800C /* front.png in Resources */,
				FC8CC2664489F0C7DD2EC185 /* frontPBR.png in Resources */,
				B57DCF8620EFEBE77560EF89 /* left.png in Resources */,
				4E28BB512A20C266F90DD0C1 /* leftPBR.png in Resources */,
				43F9C67ECAA9DF2C8CAD9561 /* marble1.jpg in Resources */,
				2D7F3D3A775751D89C5089D7 /* marble2.jpg in Resources */,
				1E22080596F2D62F52F9552F /* marble3.jpg in Resources */,
				5C9F9D12632A5E6A33D93D64 /* pool.jpg in Resources */,
				8BF0D059EB2EA892D10DD2F4 /* right.png in Resources */,
				91B59C13C8DF1030DB966AB9 /* rightPBR.png in Resources */,
				24CA336A5BBC6BE9D28E5EB6 /* room.usdz in Resources */,
				5D74B71062891EE1EEEB6685 /* rustediron-diffuse.png in Resources */,
				E8D1357715B93578DAF127DF /* rustediron-metalness.png in Resources */,
				8ECA4E20204A975B7FA1FA69 /* rustediron-normal.png in Resources */,
				8F316AD0D93B9996ED2E51C2 /* scan.usdz in Resources */,
				A2073C61444C56A6D18FBFC7 /* up.png in Resources */,
				CE21A4599D601CF38C11824C /* upPBR.png in Resources */,
			);
			runOnlyForDeploymentPostprocessing = 0;
		};
/* End PBXResourcesBuildPhase section */

/* Begin PBXSourcesBuildPhase section */
		03083704FD1E1C3281424D1C /* Sources */ = {
			isa = PBXSourcesBuildPhase;
			buildActionMask = 2147483647;
			files = (
				1E4FA505A84E73239E43C44A /* ARView.swift in Sources */,
				259296D9108C41856E8ECD45 /* ARViewContainer.swift in Sources */,
				ADFFA2EB815E20E7545283A4 /* ButtonMenu.swift in Sources */,
				B621E6706DB8C482282F0F1A /* CGFloat+Random.swift in Sources */,
				D636C4A54CB41575985466C4 /* Camera.swift in Sources */,
				35EDEBEF3181FD17A35BD071 /* CareInfoView.swift in Sources */,
				397D7627DA4850A2155E0795 /* ColladaLoader.swift in Sources */,
				27A0EFEE1DFA2C7D5FDA6314 /* CustomSceneViewRepresentable.swift in Sources */,
				DDAE302237246A907B9B0A95 /* CustomSlider.swift in Sources */,
				51BA75D8AE37FEA22F218C6B /* DashedLineVertical.swift in Sources */,
				A268E63A64BD098D11F0B005 /* GeneralCostumButton.swift in Sources */,
				048D97906A8735FFAF6E370E /* InstructionView.swift in Sources */,
				5D6CFDD3A2A0C5FFC4B89F23 /* Int+Random.swift in Sources */,
				359E3DE025DB61C7276D42AE /* ItemInstruction.swift in Sources */,
				07E9BEF2737660EFECD7DF13 /* KeluargaCemara.swift in Sources */,
				18EB10FDDBACD1B772ECEA07 /* Light.swift in Sources */,
				07133D90265CA39F5EE29AD8 /* LightFeatures.swift in Sources */,
				C7F6E6C64077BE2F4D71FB8B /* LocationViewModel.swift in Sources */,
				B4FA4EB0595EAC3E7047DB92 /* MainView.swift in Sources */,
				4BDEE100496918A8432DB72E /* MeshLoader.swift in Sources */,
				FAB09288C8A0DBAF027CDC2B /* ObjViewController.swift in Sources */,
				2A855B7F3AD438C9ED566AB7 /* Object.swift in Sources */,
				8D314ABFD76FC234111BAC03 /* OnboardingView.swift in Sources */,
				E75D0687ED650E52818A6D85 /* PathStore.swift in Sources */,
				4CD32B709687C583390CF161 /* PhysicallyBasedLight.swift in Sources */,
				E9944CB8005C7373CAF9CDA2 /* PhysicallyBasedLightFeatures.swift in Sources */,
				AE96CCBCBF60B869F4639F6E /* PhysicallyBasedLightingEnviroment.swift in Sources */,
				14B694B715DF2CC6E6D7D375 /* PhysicallyBasedMaterial.swift in Sources */,
				DD01991B528B847403D84F5E /* PhysicallyBasedObject.swift in Sources */,
				F1406865A22DDFB8289A1DFD /* PhysicallyBasedScene.swift in Sources */,
				742CFA8A8CF20A4B5DB2514D /* RecommendCardView.swift in Sources */,
				1302FF9CBF0BEA265525C1F0 /* RecommendListCardView.swift in Sources */,
				E803958ADD1D96CC8D9109A7 /* RecommendPlantMock.swift in Sources */,
				4A9C0653DB37B3A02AD1B01A /* RecommendPlantModel.swift in Sources */,
				A7E36F74517FA9931D52713E /* RecommendationPlantDetailView.swift in Sources */,
				FA3110C24FA17C2589D845BF /* RecommendationPlantView.swift in Sources */,
				ED9A07AB8CFB12733C3B09F4 /* ResultIteration.swift in Sources */,
				422CD04809F179F338C46823 /* ResultScan.swift in Sources */,
				DFF95AFAC4E690A72A1CA87C /* RoomController.swift in Sources */,
				ED2CE51331E9D023F4F9CACC /* RoomViewIteration.swift in Sources */,
				9701624221807436EB67072A /* RoomViewRepresentable.swift in Sources */,
				ED26751B8D1F1234ABE2E88E /* Scene.swift in Sources */,
				AA1389033CFFCE65EFABCC6F /* SheetRoomPlanView.swift in Sources */,
				90C8BB6F3A0202E66719253D /* SliderView.swift in Sources */,
				E2E625D9D5982410E764D358 /* StandardButton.swift in Sources */,
				EAE819586D7FF68D25941949 /* Sun.swift in Sources */,
				068849DD4ABF062B2222EFE6 /* View+Extension.swift in Sources */,
				B70C6587C43F110B9441E143 /* ViewController.swift in Sources */,
				DDE6932AD0A4AFCC8D2268D7 /* ViewPath.swift in Sources */,
			);
			runOnlyForDeploymentPostprocessing = 0;
		};
/* End PBXSourcesBuildPhase section */

/* Begin XCBuildConfiguration section */
		7DD7D0993F369473758548F6 /* Debug */ = {
			isa = XCBuildConfiguration;
			buildSettings = {
				ALWAYS_SEARCH_USER_PATHS = NO;
				CLANG_ANALYZER_NONNULL = YES;
				CLANG_ANALYZER_NUMBER_OBJECT_CONVERSION = YES_AGGRESSIVE;
				CLANG_CXX_LANGUAGE_STANDARD = "gnu++14";
				CLANG_CXX_LIBRARY = "libc++";
				CLANG_ENABLE_MODULES = YES;
				CLANG_ENABLE_OBJC_ARC = YES;
				CLANG_ENABLE_OBJC_WEAK = YES;
				CLANG_WARN_BLOCK_CAPTURE_AUTORELEASING = YES;
				CLANG_WARN_BOOL_CONVERSION = YES;
				CLANG_WARN_COMMA = YES;
				CLANG_WARN_CONSTANT_CONVERSION = YES;
				CLANG_WARN_DEPRECATED_OBJC_IMPLEMENTATIONS = YES;
				CLANG_WARN_DIRECT_OBJC_ISA_USAGE = YES_ERROR;
				CLANG_WARN_DOCUMENTATION_COMMENTS = YES;
				CLANG_WARN_EMPTY_BODY = YES;
				CLANG_WARN_ENUM_CONVERSION = YES;
				CLANG_WARN_INFINITE_RECURSION = YES;
				CLANG_WARN_INT_CONVERSION = YES;
				CLANG_WARN_NON_LITERAL_NULL_CONVERSION = YES;
				CLANG_WARN_OBJC_IMPLICIT_RETAIN_SELF = YES;
				CLANG_WARN_OBJC_LITERAL_CONVERSION = YES;
				CLANG_WARN_OBJC_ROOT_CLASS = YES_ERROR;
				CLANG_WARN_QUOTED_INCLUDE_IN_FRAMEWORK_HEADER = YES;
				CLANG_WARN_RANGE_LOOP_ANALYSIS = YES;
				CLANG_WARN_STRICT_PROTOTYPES = YES;
				CLANG_WARN_SUSPICIOUS_MOVE = YES;
				CLANG_WARN_UNGUARDED_AVAILABILITY = YES_AGGRESSIVE;
				CLANG_WARN_UNREACHABLE_CODE = YES;
				CLANG_WARN__DUPLICATE_METHOD_MATCH = YES;
				COPY_PHASE_STRIP = NO;
				DEBUG_INFORMATION_FORMAT = dwarf;
				ENABLE_STRICT_OBJC_MSGSEND = YES;
				ENABLE_TESTABILITY = YES;
				GCC_C_LANGUAGE_STANDARD = gnu11;
				GCC_DYNAMIC_NO_PIC = NO;
				GCC_NO_COMMON_BLOCKS = YES;
				GCC_OPTIMIZATION_LEVEL = 0;
				GCC_PREPROCESSOR_DEFINITIONS = (
					"$(inherited)",
					"DEBUG=1",
				);
				GCC_WARN_64_TO_32_BIT_CONVERSION = YES;
				GCC_WARN_ABOUT_RETURN_TYPE = YES_ERROR;
				GCC_WARN_UNDECLARED_SELECTOR = YES;
				GCC_WARN_UNINITIALIZED_AUTOS = YES_AGGRESSIVE;
				GCC_WARN_UNUSED_FUNCTION = YES;
				GCC_WARN_UNUSED_VARIABLE = YES;
				MTL_ENABLE_DEBUG_INFO = INCLUDE_SOURCE;
				MTL_FAST_MATH = YES;
				ONLY_ACTIVE_ARCH = YES;
				PRODUCT_NAME = "$(TARGET_NAME)";
				SDKROOT = iphoneos;
				SWIFT_ACTIVE_COMPILATION_CONDITIONS = DEBUG;
				SWIFT_OPTIMIZATION_LEVEL = "-Onone";
				SWIFT_VERSION = 5.0;
			};
			name = Debug;
		};
		8343FE919173428B2B66B560 /* Debug */ = {
			isa = XCBuildConfiguration;
			buildSettings = {
				ASSETCATALOG_COMPILER_APPICON_NAME = AppIcon;
				CODE_SIGN_IDENTITY = "iPhone Developer";
				INFOPLIST_FILE = "keluarga-cemara/Info.plist";
				IPHONEOS_DEPLOYMENT_TARGET = 17.0;
				LD_RUNPATH_SEARCH_PATHS = (
					"$(inherited)",
					"@executable_path/Frameworks",
				);
				PRODUCT_BUNDLE_IDENTIFIER = "com.cemara.keluarga-cemara";
				SDKROOT = iphoneos;
				TARGETED_DEVICE_FAMILY = "1,2";
			};
			name = Debug;
		};
		AE9CD538A5377507FC7B648C /* Release */ = {
			isa = XCBuildConfiguration;
			buildSettings = {
				ASSETCATALOG_COMPILER_APPICON_NAME = AppIcon;
				CODE_SIGN_IDENTITY = "iPhone Developer";
				INFOPLIST_FILE = "keluarga-cemara/Info.plist";
				IPHONEOS_DEPLOYMENT_TARGET = 17.0;
				LD_RUNPATH_SEARCH_PATHS = (
					"$(inherited)",
					"@executable_path/Frameworks",
				);
				PRODUCT_BUNDLE_IDENTIFIER = "com.cemara.keluarga-cemara";
				SDKROOT = iphoneos;
				TARGETED_DEVICE_FAMILY = "1,2";
			};
			name = Release;
		};
		BEFFBB8612CF2994666C33CD /* Release */ = {
			isa = XCBuildConfiguration;
			buildSettings = {
				ALWAYS_SEARCH_USER_PATHS = NO;
				CLANG_ANALYZER_NONNULL = YES;
				CLANG_ANALYZER_NUMBER_OBJECT_CONVERSION = YES_AGGRESSIVE;
				CLANG_CXX_LANGUAGE_STANDARD = "gnu++14";
				CLANG_CXX_LIBRARY = "libc++";
				CLANG_ENABLE_MODULES = YES;
				CLANG_ENABLE_OBJC_ARC = YES;
				CLANG_ENABLE_OBJC_WEAK = YES;
				CLANG_WARN_BLOCK_CAPTURE_AUTORELEASING = YES;
				CLANG_WARN_BOOL_CONVERSION = YES;
				CLANG_WARN_COMMA = YES;
				CLANG_WARN_CONSTANT_CONVERSION = YES;
				CLANG_WARN_DEPRECATED_OBJC_IMPLEMENTATIONS = YES;
				CLANG_WARN_DIRECT_OBJC_ISA_USAGE = YES_ERROR;
				CLANG_WARN_DOCUMENTATION_COMMENTS = YES;
				CLANG_WARN_EMPTY_BODY = YES;
				CLANG_WARN_ENUM_CONVERSION = YES;
				CLANG_WARN_INFINITE_RECURSION = YES;
				CLANG_WARN_INT_CONVERSION = YES;
				CLANG_WARN_NON_LITERAL_NULL_CONVERSION = YES;
				CLANG_WARN_OBJC_IMPLICIT_RETAIN_SELF = YES;
				CLANG_WARN_OBJC_LITERAL_CONVERSION = YES;
				CLANG_WARN_OBJC_ROOT_CLASS = YES_ERROR;
				CLANG_WARN_QUOTED_INCLUDE_IN_FRAMEWORK_HEADER = YES;
				CLANG_WARN_RANGE_LOOP_ANALYSIS = YES;
				CLANG_WARN_STRICT_PROTOTYPES = YES;
				CLANG_WARN_SUSPICIOUS_MOVE = YES;
				CLANG_WARN_UNGUARDED_AVAILABILITY = YES_AGGRESSIVE;
				CLANG_WARN_UNREACHABLE_CODE = YES;
				CLANG_WARN__DUPLICATE_METHOD_MATCH = YES;
				COPY_PHASE_STRIP = NO;
				DEBUG_INFORMATION_FORMAT = "dwarf-with-dsym";
				ENABLE_NS_ASSERTIONS = NO;
				ENABLE_STRICT_OBJC_MSGSEND = YES;
				GCC_C_LANGUAGE_STANDARD = gnu11;
				GCC_NO_COMMON_BLOCKS = YES;
				GCC_WARN_64_TO_32_BIT_CONVERSION = YES;
				GCC_WARN_ABOUT_RETURN_TYPE = YES_ERROR;
				GCC_WARN_UNDECLARED_SELECTOR = YES;
				GCC_WARN_UNINITIALIZED_AUTOS = YES_AGGRESSIVE;
				GCC_WARN_UNUSED_FUNCTION = YES;
				GCC_WARN_UNUSED_VARIABLE = YES;
				MTL_ENABLE_DEBUG_INFO = NO;
				MTL_FAST_MATH = YES;
				PRODUCT_NAME = "$(TARGET_NAME)";
				SDKROOT = iphoneos;
				SWIFT_COMPILATION_MODE = wholemodule;
				SWIFT_OPTIMIZATION_LEVEL = "-O";
				SWIFT_VERSION = 5.0;
			};
			name = Release;
		};
/* End XCBuildConfiguration section */

/* Begin XCConfigurationList section */
		5E372D79759C333F5982CE6D /* Build configuration list for PBXProject "keluarga-cemara" */ = {
			isa = XCConfigurationList;
			buildConfigurations = (
				7DD7D0993F369473758548F6 /* Debug */,
				BEFFBB8612CF2994666C33CD /* Release */,
			);
			defaultConfigurationIsVisible = 0;
			defaultConfigurationName = Debug;
		};
		8572FA1B77566D1C97E3222F /* Build configuration list for PBXNativeTarget "keluarga-cemara" */ = {
			isa = XCConfigurationList;
			buildConfigurations = (
				8343FE919173428B2B66B560 /* Debug */,
				AE9CD538A5377507FC7B648C /* Release */,
			);
			defaultConfigurationIsVisible = 0;
			defaultConfigurationName = Debug;
		};
/* End XCConfigurationList section */

/* Begin XCRemoteSwiftPackageReference section */
		82D61DC32D51A2B17F65EF62 /* XCRemoteSwiftPackageReference "SunKit" */ = {
			isa = XCRemoteSwiftPackageReference;
			repositoryURL = "https://github.com/Sunlitt/SunKit";
			requirement = {
				kind = upToNextMajorVersion;
				minimumVersion = 2.7.0;
			};
		};
/* End XCRemoteSwiftPackageReference section */

/* Begin XCSwiftPackageProductDependency section */
		BC0073A8DB5365695E9C4A71 /* SunKit */ = {
			isa = XCSwiftPackageProductDependency;
			package = 82D61DC32D51A2B17F65EF62 /* XCRemoteSwiftPackageReference "SunKit" */;
			productName = SunKit;
		};
/* End XCSwiftPackageProductDependency section */
	};
	rootObject = 75C69FAC0DC5678D82E18A7B /* Project object */;
}
