// !$*UTF8*$!
{
	archiveVersion = 1;
	classes = {
	};
	objectVersion = 56;
	objects = {

/* Begin PBXBuildFile section */
		230B43F02ADE36A1002E3A56 /* ContentView.swift in Sources */ = {isa = PBXBuildFile; fileRef = 230B43EF2ADE36A1002E3A56 /* ContentView.swift */; };
		230B43F22ADE36A3002E3A56 /* Assets.xcassets in Resources */ = {isa = PBXBuildFile; fileRef = 230B43F12ADE36A3002E3A56 /* Assets.xcassets */; };
		230B43F52ADE36A3002E3A56 /* Preview Assets.xcassets in Resources */ = {isa = PBXBuildFile; fileRef = 230B43F42ADE36A3002E3A56 /* Preview Assets.xcassets */; };
		57023B3B2ADF96EC0035ADAD /* RoomView.swift in Sources */ = {isa = PBXBuildFile; fileRef = 57023B3A2ADF96EC0035ADAD /* RoomView.swift */; };
		57023B3D2ADF97120035ADAD /* RoomController.swift in Sources */ = {isa = PBXBuildFile; fileRef = 57023B3C2ADF97120035ADAD /* RoomController.swift */; };
		57023B3F2ADF97230035ADAD /* RoomViewRepresentable.swift in Sources */ = {isa = PBXBuildFile; fileRef = 57023B3E2ADF97230035ADAD /* RoomViewRepresentable.swift */; };
		57023B412ADFE3390035ADAD /* KeluargaCemara.swift in Sources */ = {isa = PBXBuildFile; fileRef = 57023B402ADFE3390035ADAD /* KeluargaCemara.swift */; };
		57023B442ADFE3AA0035ADAD /* ARViewContainer.swift in Sources */ = {isa = PBXBuildFile; fileRef = 57023B432ADFE3AA0035ADAD /* ARViewContainer.swift */; };
		57023B492ADFE4610035ADAD /* IntroductionView.swift in Sources */ = {isa = PBXBuildFile; fileRef = 57023B482ADFE4610035ADAD /* IntroductionView.swift */; };
		57023B4C2ADFEE690035ADAD /* Color+Extensions.swift in Sources */ = {isa = PBXBuildFile; fileRef = 57023B4B2ADFEE690035ADAD /* Color+Extensions.swift */; };
		57023B4E2ADFEF5E0035ADAD /* ButtonRoomPlan.swift in Sources */ = {isa = PBXBuildFile; fileRef = 57023B4D2ADFEF5E0035ADAD /* ButtonRoomPlan.swift */; };
		57023B502AE0143F0035ADAD /* ResultScan.swift in Sources */ = {isa = PBXBuildFile; fileRef = 57023B4F2AE0143F0035ADAD /* ResultScan.swift */; };
		57023B592AE0241C0035ADAD /* scan.usdz in Resources */ = {isa = PBXBuildFile; fileRef = 57023B582AE0241C0035ADAD /* scan.usdz */; };
		57023B5B2AE026870035ADAD /* GeneralCostumButton.swift in Sources */ = {isa = PBXBuildFile; fileRef = 57023B5A2AE026870035ADAD /* GeneralCostumButton.swift */; };
		57640CE22AE2A409007CE40D /* CustomSceneViewRepresentable.swift in Sources */ = {isa = PBXBuildFile; fileRef = 57640CE12AE2A409007CE40D /* CustomSceneViewRepresentable.swift */; };
		2345AE9C2AE0DE5800AA9F89 /* PathStore.swift in Sources */ = {isa = PBXBuildFile; fileRef = 2345AE9B2AE0DE5800AA9F89 /* PathStore.swift */; };
		2345AE9E2AE0DEAA00AA9F89 /* ViewPath.swift in Sources */ = {isa = PBXBuildFile; fileRef = 2345AE9D2AE0DEAA00AA9F89 /* ViewPath.swift */; };
		2345AEA02AE0DEDD00AA9F89 /* ExampleRouteView.swift in Sources */ = {isa = PBXBuildFile; fileRef = 2345AE9F2AE0DEDD00AA9F89 /* ExampleRouteView.swift */; };
		2345AEA22AE0E3E600AA9F89 /* KeluargaCemara.swift in Sources */ = {isa = PBXBuildFile; fileRef = 2345AEA12AE0E3E600AA9F89 /* KeluargaCemara.swift */; };
		2345AEA52AE0E4CD00AA9F89 /* MainView.swift in Sources */ = {isa = PBXBuildFile; fileRef = 2345AEA42AE0E4CD00AA9F89 /* MainView.swift */; };
/* End PBXBuildFile section */

/* Begin PBXFileReference section */
		230B43EA2ADE36A1002E3A56 /* keluarga-cemara.app */ = {isa = PBXFileReference; explicitFileType = wrapper.application; includeInIndex = 0; path = "keluarga-cemara.app"; sourceTree = BUILT_PRODUCTS_DIR; };
		230B43EF2ADE36A1002E3A56 /* ContentView.swift */ = {isa = PBXFileReference; lastKnownFileType = sourcecode.swift; path = ContentView.swift; sourceTree = "<group>"; };
		230B43F12ADE36A3002E3A56 /* Assets.xcassets */ = {isa = PBXFileReference; lastKnownFileType = folder.assetcatalog; path = Assets.xcassets; sourceTree = "<group>"; };
		230B43F42ADE36A3002E3A56 /* Preview Assets.xcassets */ = {isa = PBXFileReference; lastKnownFileType = folder.assetcatalog; path = "Preview Assets.xcassets"; sourceTree = "<group>"; };
		57023B3A2ADF96EC0035ADAD /* RoomView.swift */ = {isa = PBXFileReference; lastKnownFileType = sourcecode.swift; path = RoomView.swift; sourceTree = "<group>"; };
		57023B3C2ADF97120035ADAD /* RoomController.swift */ = {isa = PBXFileReference; lastKnownFileType = sourcecode.swift; path = RoomController.swift; sourceTree = "<group>"; };
		57023B3E2ADF97230035ADAD /* RoomViewRepresentable.swift */ = {isa = PBXFileReference; lastKnownFileType = sourcecode.swift; path = RoomViewRepresentable.swift; sourceTree = "<group>"; };
		57023B402ADFE3390035ADAD /* KeluargaCemara.swift */ = {isa = PBXFileReference; lastKnownFileType = sourcecode.swift; path = KeluargaCemara.swift; sourceTree = "<group>"; };
		57023B432ADFE3AA0035ADAD /* ARViewContainer.swift */ = {isa = PBXFileReference; lastKnownFileType = sourcecode.swift; path = ARViewContainer.swift; sourceTree = "<group>"; };
		57023B482ADFE4610035ADAD /* IntroductionView.swift */ = {isa = PBXFileReference; lastKnownFileType = sourcecode.swift; path = IntroductionView.swift; sourceTree = "<group>"; };
		57023B4B2ADFEE690035ADAD /* Color+Extensions.swift */ = {isa = PBXFileReference; lastKnownFileType = sourcecode.swift; path = "Color+Extensions.swift"; sourceTree = "<group>"; };
		57023B4D2ADFEF5E0035ADAD /* ButtonRoomPlan.swift */ = {isa = PBXFileReference; lastKnownFileType = sourcecode.swift; path = ButtonRoomPlan.swift; sourceTree = "<group>"; };
		57023B4F2AE0143F0035ADAD /* ResultScan.swift */ = {isa = PBXFileReference; lastKnownFileType = sourcecode.swift; path = ResultScan.swift; sourceTree = "<group>"; };
		57023B582AE0241C0035ADAD /* scan.usdz */ = {isa = PBXFileReference; lastKnownFileType = file.usdz; path = scan.usdz; sourceTree = "<group>"; };
		57023B5A2AE026870035ADAD /* GeneralCostumButton.swift */ = {isa = PBXFileReference; lastKnownFileType = sourcecode.swift; path = GeneralCostumButton.swift; sourceTree = "<group>"; };
		57640CE02AE2229A007CE40D /* Info.plist */ = {isa = PBXFileReference; lastKnownFileType = text.plist; path = Info.plist; sourceTree = "<group>"; };
		57640CE12AE2A409007CE40D /* CustomSceneViewRepresentable.swift */ = {isa = PBXFileReference; lastKnownFileType = sourcecode.swift; path = CustomSceneViewRepresentable.swift; sourceTree = "<group>"; };
		2345AE9B2AE0DE5800AA9F89 /* PathStore.swift */ = {isa = PBXFileReference; lastKnownFileType = sourcecode.swift; path = PathStore.swift; sourceTree = "<group>"; };
		2345AE9D2AE0DEAA00AA9F89 /* ViewPath.swift */ = {isa = PBXFileReference; lastKnownFileType = sourcecode.swift; path = ViewPath.swift; sourceTree = "<group>"; };
		2345AE9F2AE0DEDD00AA9F89 /* ExampleRouteView.swift */ = {isa = PBXFileReference; lastKnownFileType = sourcecode.swift; path = ExampleRouteView.swift; sourceTree = "<group>"; };
		2345AEA12AE0E3E600AA9F89 /* KeluargaCemara.swift */ = {isa = PBXFileReference; lastKnownFileType = sourcecode.swift; path = KeluargaCemara.swift; sourceTree = "<group>"; };
		2345AEA42AE0E4CD00AA9F89 /* MainView.swift */ = {isa = PBXFileReference; lastKnownFileType = sourcecode.swift; path = MainView.swift; sourceTree = "<group>"; };
/* End PBXFileReference section */

/* Begin PBXFrameworksBuildPhase section */
		230B43E72ADE36A1002E3A56 /* Frameworks */ = {
			isa = PBXFrameworksBuildPhase;
			buildActionMask = 2147483647;
			files = (
			);
			runOnlyForDeploymentPostprocessing = 0;
		};
/* End PBXFrameworksBuildPhase section */

/* Begin PBXGroup section */
		230B43E12ADE36A1002E3A56 = {
			isa = PBXGroup;
			children = (
				230B43EC2ADE36A1002E3A56 /* keluarga-cemara */,
				230B43EB2ADE36A1002E3A56 /* Products */,
			);
			sourceTree = "<group>";
		};
		230B43EB2ADE36A1002E3A56 /* Products */ = {
			isa = PBXGroup;
			children = (
				230B43EA2ADE36A1002E3A56 /* keluarga-cemara.app */,
			);
			name = Products;
			sourceTree = "<group>";
		};
		230B43EC2ADE36A1002E3A56 /* keluarga-cemara */ = {
			isa = PBXGroup;
			children = (
				57640CE02AE2229A007CE40D /* Info.plist */,
				230B43EF2ADE36A1002E3A56 /* ContentView.swift */,
				57023B582AE0241C0035ADAD /* scan.usdz */,
				57023B402ADFE3390035ADAD /* KeluargaCemara.swift */,
				57023B4A2ADFEE490035ADAD /* Extensions */,
				57023B422ADFE39A0035ADAD /* ARFeature */,
				57023B392ADF96D20035ADAD /* RoomPlanFeature */,
				2345AEA32AE0E3EB00AA9F89 /* Core */,
				2345AE9A2AE0DE4800AA9F89 /* Routings */,
				230B43EF2ADE36A1002E3A56 /* ContentView.swift */,
				2345AE9F2AE0DEDD00AA9F89 /* ExampleRouteView.swift */,
				230B43F12ADE36A3002E3A56 /* Assets.xcassets */,
				230B43F32ADE36A3002E3A56 /* Preview Content */,
			);
			path = "keluarga-cemara";
			sourceTree = "<group>";
		};
		230B43F32ADE36A3002E3A56 /* Preview Content */ = {
			isa = PBXGroup;
			children = (
				230B43F42ADE36A3002E3A56 /* Preview Assets.xcassets */,
			);
			path = "Preview Content";
			sourceTree = "<group>";
		};
		57023B392ADF96D20035ADAD /* RoomPlanFeature */ = {
			isa = PBXGroup;
			children = (
				57023B462ADFE4260035ADAD /* View */,
				57023B472ADFE42F0035ADAD /* ViewModel */,
			);
			path = RoomPlanFeature;
			sourceTree = "<group>";
		};
		57023B422ADFE39A0035ADAD /* ARFeature */ = {
			isa = PBXGroup;
			children = (
				57023B432ADFE3AA0035ADAD /* ARViewContainer.swift */,
			);
			path = ARFeature;
			sourceTree = "<group>";
		};
		57023B462ADFE4260035ADAD /* View */ = {
			isa = PBXGroup;
			children = (
				57023B3E2ADF97230035ADAD /* RoomViewRepresentable.swift */,
				57023B4F2AE0143F0035ADAD /* ResultScan.swift */,
				57640CE12AE2A409007CE40D /* CustomSceneViewRepresentable.swift */,
				57023B482ADFE4610035ADAD /* IntroductionView.swift */,
				57023B3A2ADF96EC0035ADAD /* RoomView.swift */,
			);
			path = View;
			sourceTree = "<group>";
		};
		57023B472ADFE42F0035ADAD /* ViewModel */ = {
			isa = PBXGroup;
			children = (
				57023B3C2ADF97120035ADAD /* RoomController.swift */,
			);
			path = ViewModel;
			sourceTree = "<group>";
		};
		57023B4A2ADFEE490035ADAD /* Extensions */ = {
			isa = PBXGroup;
			children = (
				57023B4B2ADFEE690035ADAD /* Color+Extensions.swift */,
				57023B4D2ADFEF5E0035ADAD /* ButtonRoomPlan.swift */,
				57023B5A2AE026870035ADAD /* GeneralCostumButton.swift */,
			);
			path = Extensions;
		2345AE9A2AE0DE4800AA9F89 /* Routings */ = {
			isa = PBXGroup;
			children = (
				2345AE9B2AE0DE5800AA9F89 /* PathStore.swift */,
				2345AE9D2AE0DEAA00AA9F89 /* ViewPath.swift */,
			);
			path = Routings;
			sourceTree = "<group>";
		};
		2345AEA32AE0E3EB00AA9F89 /* Core */ = {
			isa = PBXGroup;
			children = (
				2345AEA42AE0E4CD00AA9F89 /* MainView.swift */,
				2345AEA12AE0E3E600AA9F89 /* KeluargaCemara.swift */,
			);
			path = Core;
			sourceTree = "<group>";
		};
/* End PBXGroup section */

/* Begin PBXNativeTarget section */
		230B43E92ADE36A1002E3A56 /* keluarga-cemara */ = {
			isa = PBXNativeTarget;
			buildConfigurationList = 230B43F82ADE36A3002E3A56 /* Build configuration list for PBXNativeTarget "keluarga-cemara" */;
			buildPhases = (
				230B43E62ADE36A1002E3A56 /* Sources */,
				230B43E72ADE36A1002E3A56 /* Frameworks */,
				230B43E82ADE36A1002E3A56 /* Resources */,
			);
			buildRules = (
			);
			dependencies = (
			);
			name = "keluarga-cemara";
			productName = "keluarga-cemara";
			productReference = 230B43EA2ADE36A1002E3A56 /* keluarga-cemara.app */;
			productType = "com.apple.product-type.application";
		};
/* End PBXNativeTarget section */

/* Begin PBXProject section */
		230B43E22ADE36A1002E3A56 /* Project object */ = {
			isa = PBXProject;
			attributes = {
				BuildIndependentTargetsInParallel = 1;
				LastSwiftUpdateCheck = 1500;
				LastUpgradeCheck = 1500;
				TargetAttributes = {
					230B43E92ADE36A1002E3A56 = {
						CreatedOnToolsVersion = 15.0;
					};
				};
			};
			buildConfigurationList = 230B43E52ADE36A1002E3A56 /* Build configuration list for PBXProject "keluarga-cemara" */;
			compatibilityVersion = "Xcode 14.0";
			developmentRegion = en;
			hasScannedForEncodings = 0;
			knownRegions = (
				en,
				Base,
			);
			mainGroup = 230B43E12ADE36A1002E3A56;
			productRefGroup = 230B43EB2ADE36A1002E3A56 /* Products */;
			projectDirPath = "";
			projectRoot = "";
			targets = (
				230B43E92ADE36A1002E3A56 /* keluarga-cemara */,
			);
		};
/* End PBXProject section */

/* Begin PBXResourcesBuildPhase section */
		230B43E82ADE36A1002E3A56 /* Resources */ = {
			isa = PBXResourcesBuildPhase;
			buildActionMask = 2147483647;
			files = (
				57023B592AE0241C0035ADAD /* scan.usdz in Resources */,
				230B43F52ADE36A3002E3A56 /* Preview Assets.xcassets in Resources */,
				230B43F22ADE36A3002E3A56 /* Assets.xcassets in Resources */,
			);
			runOnlyForDeploymentPostprocessing = 0;
		};
/* End PBXResourcesBuildPhase section */

/* Begin PBXSourcesBuildPhase section */
		230B43E62ADE36A1002E3A56 /* Sources */ = {
			isa = PBXSourcesBuildPhase;
			buildActionMask = 2147483647;
			files = (
				57023B5B2AE026870035ADAD /* GeneralCostumButton.swift in Sources */,
				57023B412ADFE3390035ADAD /* KeluargaCemara.swift in Sources */,
				57023B3D2ADF97120035ADAD /* RoomController.swift in Sources */,
				57023B4C2ADFEE690035ADAD /* Color+Extensions.swift in Sources */,
				57023B4E2ADFEF5E0035ADAD /* ButtonRoomPlan.swift in Sources */,
				57640CE22AE2A409007CE40D /* CustomSceneViewRepresentable.swift in Sources */,
				57023B3B2ADF96EC0035ADAD /* RoomView.swift in Sources */,
				230B43F02ADE36A1002E3A56 /* ContentView.swift in Sources */,
				57023B3F2ADF97230035ADAD /* RoomViewRepresentable.swift in Sources */,
				57023B502AE0143F0035ADAD /* ResultScan.swift in Sources */,
				57023B492ADFE4610035ADAD /* IntroductionView.swift in Sources */,
				57023B442ADFE3AA0035ADAD /* ARViewContainer.swift in Sources */,
				2345AE9C2AE0DE5800AA9F89 /* PathStore.swift in Sources */,
				2345AEA52AE0E4CD00AA9F89 /* MainView.swift in Sources */,
				2345AE9E2AE0DEAA00AA9F89 /* ViewPath.swift in Sources */,
				2345AEA22AE0E3E600AA9F89 /* KeluargaCemara.swift in Sources */,
				230B43F02ADE36A1002E3A56 /* ContentView.swift in Sources */,
				2345AEA02AE0DEDD00AA9F89 /* ExampleRouteView.swift in Sources */,
			);
			runOnlyForDeploymentPostprocessing = 0;
		};
/* End PBXSourcesBuildPhase section */

/* Begin XCBuildConfiguration section */
		230B43F62ADE36A3002E3A56 /* Debug */ = {
			isa = XCBuildConfiguration;
			buildSettings = {
				ALWAYS_SEARCH_USER_PATHS = NO;
				ASSETCATALOG_COMPILER_GENERATE_SWIFT_ASSET_SYMBOL_EXTENSIONS = YES;
				CLANG_ANALYZER_NONNULL = YES;
				CLANG_ANALYZER_NUMBER_OBJECT_CONVERSION = YES_AGGRESSIVE;
				CLANG_CXX_LANGUAGE_STANDARD = "gnu++20";
				CLANG_ENABLE_MODULES = YES;
				CLANG_ENABLE_OBJC_ARC = YES;
				CLANG_ENABLE_OBJC_WEAK = YES;
				CLANG_WARN_BLOCK_CAPTURE_AUTORELEASING = YES;
				CLANG_WARN_BOOL_CONVERSION = YES;
				CLANG_WARN_COMMA = YES;
				CLANG_WARN_CONSTANT_CONVERSION = YES;
				CLANG_WARN_DEPRECATED_OBJC_IMPLEMENTATIONS = YES;
				CLANG_WARN_DIRECT_OBJC_ISA_USAGE = YES_ERROR;
				CLANG_WARN_DOCUMENTATION_COMMENTS = YES;
				CLANG_WARN_EMPTY_BODY = YES;
				CLANG_WARN_ENUM_CONVERSION = YES;
				CLANG_WARN_INFINITE_RECURSION = YES;
				CLANG_WARN_INT_CONVERSION = YES;
				CLANG_WARN_NON_LITERAL_NULL_CONVERSION = YES;
				CLANG_WARN_OBJC_IMPLICIT_RETAIN_SELF = YES;
				CLANG_WARN_OBJC_LITERAL_CONVERSION = YES;
				CLANG_WARN_OBJC_ROOT_CLASS = YES_ERROR;
				CLANG_WARN_QUOTED_INCLUDE_IN_FRAMEWORK_HEADER = YES;
				CLANG_WARN_RANGE_LOOP_ANALYSIS = YES;
				CLANG_WARN_STRICT_PROTOTYPES = YES;
				CLANG_WARN_SUSPICIOUS_MOVE = YES;
				CLANG_WARN_UNGUARDED_AVAILABILITY = YES_AGGRESSIVE;
				CLANG_WARN_UNREACHABLE_CODE = YES;
				CLANG_WARN__DUPLICATE_METHOD_MATCH = YES;
				COPY_PHASE_STRIP = NO;
				DEBUG_INFORMATION_FORMAT = dwarf;
				ENABLE_STRICT_OBJC_MSGSEND = YES;
				ENABLE_TESTABILITY = YES;
				ENABLE_USER_SCRIPT_SANDBOXING = YES;
				GCC_C_LANGUAGE_STANDARD = gnu17;
				GCC_DYNAMIC_NO_PIC = NO;
				GCC_NO_COMMON_BLOCKS = YES;
				GCC_OPTIMIZATION_LEVEL = 0;
				GCC_PREPROCESSOR_DEFINITIONS = (
					"DEBUG=1",
					"$(inherited)",
				);
				GCC_WARN_64_TO_32_BIT_CONVERSION = YES;
				GCC_WARN_ABOUT_RETURN_TYPE = YES_ERROR;
				GCC_WARN_UNDECLARED_SELECTOR = YES;
				GCC_WARN_UNINITIALIZED_AUTOS = YES_AGGRESSIVE;
				GCC_WARN_UNUSED_FUNCTION = YES;
				GCC_WARN_UNUSED_VARIABLE = YES;
				IPHONEOS_DEPLOYMENT_TARGET = 17.0;
				LOCALIZATION_PREFERS_STRING_CATALOGS = YES;
				MTL_ENABLE_DEBUG_INFO = INCLUDE_SOURCE;
				MTL_FAST_MATH = YES;
				ONLY_ACTIVE_ARCH = YES;
				SDKROOT = iphoneos;
				SWIFT_ACTIVE_COMPILATION_CONDITIONS = "DEBUG $(inherited)";
				SWIFT_OPTIMIZATION_LEVEL = "-Onone";
			};
			name = Debug;
		};
		230B43F72ADE36A3002E3A56 /* Release */ = {
			isa = XCBuildConfiguration;
			buildSettings = {
				ALWAYS_SEARCH_USER_PATHS = NO;
				ASSETCATALOG_COMPILER_GENERATE_SWIFT_ASSET_SYMBOL_EXTENSIONS = YES;
				CLANG_ANALYZER_NONNULL = YES;
				CLANG_ANALYZER_NUMBER_OBJECT_CONVERSION = YES_AGGRESSIVE;
				CLANG_CXX_LANGUAGE_STANDARD = "gnu++20";
				CLANG_ENABLE_MODULES = YES;
				CLANG_ENABLE_OBJC_ARC = YES;
				CLANG_ENABLE_OBJC_WEAK = YES;
				CLANG_WARN_BLOCK_CAPTURE_AUTORELEASING = YES;
				CLANG_WARN_BOOL_CONVERSION = YES;
				CLANG_WARN_COMMA = YES;
				CLANG_WARN_CONSTANT_CONVERSION = YES;
				CLANG_WARN_DEPRECATED_OBJC_IMPLEMENTATIONS = YES;
				CLANG_WARN_DIRECT_OBJC_ISA_USAGE = YES_ERROR;
				CLANG_WARN_DOCUMENTATION_COMMENTS = YES;
				CLANG_WARN_EMPTY_BODY = YES;
				CLANG_WARN_ENUM_CONVERSION = YES;
				CLANG_WARN_INFINITE_RECURSION = YES;
				CLANG_WARN_INT_CONVERSION = YES;
				CLANG_WARN_NON_LITERAL_NULL_CONVERSION = YES;
				CLANG_WARN_OBJC_IMPLICIT_RETAIN_SELF = YES;
				CLANG_WARN_OBJC_LITERAL_CONVERSION = YES;
				CLANG_WARN_OBJC_ROOT_CLASS = YES_ERROR;
				CLANG_WARN_QUOTED_INCLUDE_IN_FRAMEWORK_HEADER = YES;
				CLANG_WARN_RANGE_LOOP_ANALYSIS = YES;
				CLANG_WARN_STRICT_PROTOTYPES = YES;
				CLANG_WARN_SUSPICIOUS_MOVE = YES;
				CLANG_WARN_UNGUARDED_AVAILABILITY = YES_AGGRESSIVE;
				CLANG_WARN_UNREACHABLE_CODE = YES;
				CLANG_WARN__DUPLICATE_METHOD_MATCH = YES;
				COPY_PHASE_STRIP = NO;
				DEBUG_INFORMATION_FORMAT = "dwarf-with-dsym";
				ENABLE_NS_ASSERTIONS = NO;
				ENABLE_STRICT_OBJC_MSGSEND = YES;
				ENABLE_USER_SCRIPT_SANDBOXING = YES;
				GCC_C_LANGUAGE_STANDARD = gnu17;
				GCC_NO_COMMON_BLOCKS = YES;
				GCC_WARN_64_TO_32_BIT_CONVERSION = YES;
				GCC_WARN_ABOUT_RETURN_TYPE = YES_ERROR;
				GCC_WARN_UNDECLARED_SELECTOR = YES;
				GCC_WARN_UNINITIALIZED_AUTOS = YES_AGGRESSIVE;
				GCC_WARN_UNUSED_FUNCTION = YES;
				GCC_WARN_UNUSED_VARIABLE = YES;
				IPHONEOS_DEPLOYMENT_TARGET = 17.0;
				LOCALIZATION_PREFERS_STRING_CATALOGS = YES;
				MTL_ENABLE_DEBUG_INFO = NO;
				MTL_FAST_MATH = YES;
				SDKROOT = iphoneos;
				SWIFT_COMPILATION_MODE = wholemodule;
				VALIDATE_PRODUCT = YES;
			};
			name = Release;
		};
		230B43F92ADE36A3002E3A56 /* Debug */ = {
			isa = XCBuildConfiguration;
			buildSettings = {
				ASSETCATALOG_COMPILER_APPICON_NAME = AppIcon;
				ASSETCATALOG_COMPILER_GLOBAL_ACCENT_COLOR_NAME = AccentColor;
				CODE_SIGN_STYLE = Automatic;
				CURRENT_PROJECT_VERSION = 1;
				DEVELOPMENT_ASSET_PATHS = "\"keluarga-cemara/Preview Content\"";
				DEVELOPMENT_TEAM = 5DW5L865S3;
				ENABLE_PREVIEWS = YES;
				GENERATE_INFOPLIST_FILE = YES;
				INFOPLIST_FILE = "keluarga-cemara/Info.plist";
				INFOPLIST_KEY_LSSupportsOpeningDocumentsInPlace = YES;
				INFOPLIST_KEY_NSCameraUsageDescription = "use camera";
				INFOPLIST_KEY_UIApplicationSupportsIndirectInputEvents = YES;
				INFOPLIST_KEY_UILaunchScreen_Generation = YES;
				INFOPLIST_KEY_UIRequiredDeviceCapabilities = arkit;
				INFOPLIST_KEY_UIStatusBarHidden = YES;
				INFOPLIST_KEY_UISupportedInterfaceOrientations_iPad = "UIInterfaceOrientationPortrait UIInterfaceOrientationPortraitUpsideDown UIInterfaceOrientationLandscapeLeft UIInterfaceOrientationLandscapeRight";
				INFOPLIST_KEY_UISupportedInterfaceOrientations_iPhone = "UIInterfaceOrientationPortrait UIInterfaceOrientationLandscapeLeft UIInterfaceOrientationLandscapeRight";
				IPHONEOS_DEPLOYMENT_TARGET = 16.0;
				LD_RUNPATH_SEARCH_PATHS = (
					"$(inherited)",
					"@executable_path/Frameworks",
				);
				MARKETING_VERSION = 1.0;
				PRODUCT_BUNDLE_IDENTIFIER = "com.marufboy.keluarga-cemara";
				PRODUCT_NAME = "$(TARGET_NAME)";
				SWIFT_EMIT_LOC_STRINGS = YES;
				SWIFT_VERSION = 5.0;
				TARGETED_DEVICE_FAMILY = "1,2";
			};
			name = Debug;
		};
		230B43FA2ADE36A3002E3A56 /* Release */ = {
			isa = XCBuildConfiguration;
			buildSettings = {
				ASSETCATALOG_COMPILER_APPICON_NAME = AppIcon;
				ASSETCATALOG_COMPILER_GLOBAL_ACCENT_COLOR_NAME = AccentColor;
				CODE_SIGN_STYLE = Automatic;
				CURRENT_PROJECT_VERSION = 1;
				DEVELOPMENT_ASSET_PATHS = "\"keluarga-cemara/Preview Content\"";
				DEVELOPMENT_TEAM = 5DW5L865S3;
				ENABLE_PREVIEWS = YES;
				GENERATE_INFOPLIST_FILE = YES;
				INFOPLIST_FILE = "keluarga-cemara/Info.plist";
				INFOPLIST_KEY_LSSupportsOpeningDocumentsInPlace = YES;
				INFOPLIST_KEY_NSCameraUsageDescription = "use camera";
				INFOPLIST_KEY_UIApplicationSupportsIndirectInputEvents = YES;
				INFOPLIST_KEY_UILaunchScreen_Generation = YES;
				INFOPLIST_KEY_UIRequiredDeviceCapabilities = arkit;
				INFOPLIST_KEY_UIStatusBarHidden = YES;
				INFOPLIST_KEY_UISupportedInterfaceOrientations_iPad = "UIInterfaceOrientationPortrait UIInterfaceOrientationPortraitUpsideDown UIInterfaceOrientationLandscapeLeft UIInterfaceOrientationLandscapeRight";
				INFOPLIST_KEY_UISupportedInterfaceOrientations_iPhone = "UIInterfaceOrientationPortrait UIInterfaceOrientationLandscapeLeft UIInterfaceOrientationLandscapeRight";
				IPHONEOS_DEPLOYMENT_TARGET = 16.0;
				LD_RUNPATH_SEARCH_PATHS = (
					"$(inherited)",
					"@executable_path/Frameworks",
				);
				MARKETING_VERSION = 1.0;
				PRODUCT_BUNDLE_IDENTIFIER = "com.marufboy.keluarga-cemara";
				PRODUCT_NAME = "$(TARGET_NAME)";
				SWIFT_EMIT_LOC_STRINGS = YES;
				SWIFT_VERSION = 5.0;
				TARGETED_DEVICE_FAMILY = "1,2";
			};
			name = Release;
		};
/* End XCBuildConfiguration section */

/* Begin XCConfigurationList section */
		230B43E52ADE36A1002E3A56 /* Build configuration list for PBXProject "keluarga-cemara" */ = {
			isa = XCConfigurationList;
			buildConfigurations = (
				230B43F62ADE36A3002E3A56 /* Debug */,
				230B43F72ADE36A3002E3A56 /* Release */,
			);
			defaultConfigurationIsVisible = 0;
			defaultConfigurationName = Release;
		};
		230B43F82ADE36A3002E3A56 /* Build configuration list for PBXNativeTarget "keluarga-cemara" */ = {
			isa = XCConfigurationList;
			buildConfigurations = (
				230B43F92ADE36A3002E3A56 /* Debug */,
				230B43FA2ADE36A3002E3A56 /* Release */,
			);
			defaultConfigurationIsVisible = 0;
			defaultConfigurationName = Release;
		};
/* End XCConfigurationList section */
	};
	rootObject = 230B43E22ADE36A1002E3A56 /* Project object */;
}
